// !$*UTF8*$!
{
	archiveVersion = 1;
	classes = {
	};
	objectVersion = 55;
	objects = {

/* Begin PBXBuildFile section */
		2C0D2A1C26A9E6D0001E80EC /* AppDetailsScreen+EditViewModel.swift in Sources */ = {isa = PBXBuildFile; fileRef = 2C0D2A1B26A9E6D0001E80EC /* AppDetailsScreen+EditViewModel.swift */; };
		2C0D2A1D26A9E6D0001E80EC /* AppDetailsScreen+EditViewModel.swift in Sources */ = {isa = PBXBuildFile; fileRef = 2C0D2A1B26A9E6D0001E80EC /* AppDetailsScreen+EditViewModel.swift */; };
		2C12415A26A8BD4E0044C163 /* ModifyApp.swift in Sources */ = {isa = PBXBuildFile; fileRef = 2C12415926A8BD4E0044C163 /* ModifyApp.swift */; };
		2C12415B26A8BD4E0044C163 /* ModifyApp.swift in Sources */ = {isa = PBXBuildFile; fileRef = 2C12415926A8BD4E0044C163 /* ModifyApp.swift */; };
		2C1BCA83269A12C3001EDE66 /* Date+extensions.swift in Sources */ = {isa = PBXBuildFile; fileRef = 2C1BCA82269A12C2001EDE66 /* Date+extensions.swift */; };
		2C1BCA84269A12C3001EDE66 /* Date+extensions.swift in Sources */ = {isa = PBXBuildFile; fileRef = 2C1BCA82269A12C2001EDE66 /* Date+extensions.swift */; };
		2C1BCA86269A176A001EDE66 /* handledAlert.swift in Sources */ = {isa = PBXBuildFile; fileRef = 2C1BCA85269A176A001EDE66 /* handledAlert.swift */; };
		2C1BCA87269A176A001EDE66 /* handledAlert.swift in Sources */ = {isa = PBXBuildFile; fileRef = 2C1BCA85269A176A001EDE66 /* handledAlert.swift */; };
		2C1BCA89269A2E06001EDE66 /* DataItemResponse+extensions.swift in Sources */ = {isa = PBXBuildFile; fileRef = 2C1BCA88269A2E06001EDE66 /* DataItemResponse+extensions.swift */; };
		2C1BCA8A269A2E06001EDE66 /* DataItemResponse+extensions.swift in Sources */ = {isa = PBXBuildFile; fileRef = 2C1BCA88269A2E06001EDE66 /* DataItemResponse+extensions.swift */; };
		2C1BCA8C269A2E30001EDE66 /* MetricsData.swift in Sources */ = {isa = PBXBuildFile; fileRef = 2C1BCA8B269A2E30001EDE66 /* MetricsData.swift */; };
		2C1BCA8D269A2E30001EDE66 /* MetricsData.swift in Sources */ = {isa = PBXBuildFile; fileRef = 2C1BCA8B269A2E30001EDE66 /* MetricsData.swift */; };
		2C298CF5269082CF00993C91 /* Constants.swift in Sources */ = {isa = PBXBuildFile; fileRef = 2C298CF4269082CE00993C91 /* Constants.swift */; };
		2C298CF6269082CF00993C91 /* Constants.swift in Sources */ = {isa = PBXBuildFile; fileRef = 2C298CF4269082CE00993C91 /* Constants.swift */; };
		2C298CF9269083FD00993C91 /* DispatchQueue+extensions.swift in Sources */ = {isa = PBXBuildFile; fileRef = 2C298CF8269083FD00993C91 /* DispatchQueue+extensions.swift */; };
		2C298CFA269083FD00993C91 /* DispatchQueue+extensions.swift in Sources */ = {isa = PBXBuildFile; fileRef = 2C298CF8269083FD00993C91 /* DispatchQueue+extensions.swift */; };
		2C2B709B26977B77008171F2 /* Color+extensions.swift in Sources */ = {isa = PBXBuildFile; fileRef = 2C2B709A26977B77008171F2 /* Color+extensions.swift */; };
		2C2B709C26977B77008171F2 /* Color+extensions.swift in Sources */ = {isa = PBXBuildFile; fileRef = 2C2B709A26977B77008171F2 /* Color+extensions.swift */; };
		2C2B709F26977DE5008171F2 /* MetricsGridCellRenderable.swift in Sources */ = {isa = PBXBuildFile; fileRef = 2C2B709E26977DE5008171F2 /* MetricsGridCellRenderable.swift */; };
		2C2B70A026977DE5008171F2 /* MetricsGridCellRenderable.swift in Sources */ = {isa = PBXBuildFile; fileRef = 2C2B709E26977DE5008171F2 /* MetricsGridCellRenderable.swift */; };
		2C2CD71C2699F6F40050D466 /* GraphWidget.swift in Sources */ = {isa = PBXBuildFile; fileRef = 2C2CD71B2699F6F40050D466 /* GraphWidget.swift */; };
		2C2CD71D2699F6F40050D466 /* GraphWidget.swift in Sources */ = {isa = PBXBuildFile; fileRef = 2C2CD71B2699F6F40050D466 /* GraphWidget.swift */; };
		2C32E6672688FE5400DC34AF /* NetworkCache.swift in Sources */ = {isa = PBXBuildFile; fileRef = 2C32E6662688FE5400DC34AF /* NetworkCache.swift */; };
		2C32E6682688FE5400DC34AF /* NetworkCache.swift in Sources */ = {isa = PBXBuildFile; fileRef = 2C32E6662688FE5400DC34AF /* NetworkCache.swift */; };
		2C32E66A2688FE8C00DC34AF /* NetworkController.swift in Sources */ = {isa = PBXBuildFile; fileRef = 2C32E6692688FE8C00DC34AF /* NetworkController.swift */; };
		2C32E66B2688FE8C00DC34AF /* NetworkController.swift in Sources */ = {isa = PBXBuildFile; fileRef = 2C32E6692688FE8C00DC34AF /* NetworkController.swift */; };
		2C32E6702689033E00DC34AF /* HomeScreen+ViewModel.swift in Sources */ = {isa = PBXBuildFile; fileRef = 2C32E66F2689033E00DC34AF /* HomeScreen+ViewModel.swift */; };
		2C32E6712689033E00DC34AF /* HomeScreen+ViewModel.swift in Sources */ = {isa = PBXBuildFile; fileRef = 2C32E66F2689033E00DC34AF /* HomeScreen+ViewModel.swift */; };
		2C5B938A26A4B01900DBC19B /* AppDetailsMetrics.swift in Sources */ = {isa = PBXBuildFile; fileRef = 2C5B938926A4B01900DBC19B /* AppDetailsMetrics.swift */; };
		2C5B938B26A4B01900DBC19B /* AppDetailsMetrics.swift in Sources */ = {isa = PBXBuildFile; fileRef = 2C5B938926A4B01900DBC19B /* AppDetailsMetrics.swift */; };
		2C5B938D26A4B05900DBC19B /* LaunchMetricsSection.swift in Sources */ = {isa = PBXBuildFile; fileRef = 2C5B938C26A4B05900DBC19B /* LaunchMetricsSection.swift */; };
		2C5B938E26A4B05900DBC19B /* LaunchMetricsSection.swift in Sources */ = {isa = PBXBuildFile; fileRef = 2C5B938C26A4B05900DBC19B /* LaunchMetricsSection.swift */; };
		2C614F682688A2A30070EEC6 /* Tests_iOS.swift in Sources */ = {isa = PBXBuildFile; fileRef = 2C614F672688A2A30070EEC6 /* Tests_iOS.swift */; };
		2C614F722688A2A30070EEC6 /* Tests_macOS.swift in Sources */ = {isa = PBXBuildFile; fileRef = 2C614F712688A2A30070EEC6 /* Tests_macOS.swift */; };
		2C614F752688A2A30070EEC6 /* MetricsViewerApp.swift in Sources */ = {isa = PBXBuildFile; fileRef = 2C614F502688A2A10070EEC6 /* MetricsViewerApp.swift */; };
		2C614F762688A2A30070EEC6 /* MetricsViewerApp.swift in Sources */ = {isa = PBXBuildFile; fileRef = 2C614F502688A2A10070EEC6 /* MetricsViewerApp.swift */; };
		2C614F772688A2A30070EEC6 /* ContentView.swift in Sources */ = {isa = PBXBuildFile; fileRef = 2C614F512688A2A10070EEC6 /* ContentView.swift */; };
		2C614F782688A2A30070EEC6 /* ContentView.swift in Sources */ = {isa = PBXBuildFile; fileRef = 2C614F512688A2A10070EEC6 /* ContentView.swift */; };
		2C614F792688A2A30070EEC6 /* Persistence.swift in Sources */ = {isa = PBXBuildFile; fileRef = 2C614F522688A2A10070EEC6 /* Persistence.swift */; };
		2C614F7A2688A2A30070EEC6 /* Persistence.swift in Sources */ = {isa = PBXBuildFile; fileRef = 2C614F522688A2A10070EEC6 /* Persistence.swift */; };
		2C614F7B2688A2A30070EEC6 /* Assets.xcassets in Resources */ = {isa = PBXBuildFile; fileRef = 2C614F532688A2A30070EEC6 /* Assets.xcassets */; };
		2C614F7C2688A2A30070EEC6 /* Assets.xcassets in Resources */ = {isa = PBXBuildFile; fileRef = 2C614F532688A2A30070EEC6 /* Assets.xcassets */; };
		2C614F962688A81D0070EEC6 /* MetricsViewer.xcdatamodeld in Sources */ = {isa = PBXBuildFile; fileRef = 2C614F942688A81D0070EEC6 /* MetricsViewer.xcdatamodeld */; };
		2C614F972688A81D0070EEC6 /* MetricsViewer.xcdatamodeld in Sources */ = {isa = PBXBuildFile; fileRef = 2C614F942688A81D0070EEC6 /* MetricsViewer.xcdatamodeld */; };
		2C614F9C2688A9980070EEC6 /* HomeScreen.swift in Sources */ = {isa = PBXBuildFile; fileRef = 2C614F9B2688A9980070EEC6 /* HomeScreen.swift */; };
		2C614F9D2688A9980070EEC6 /* HomeScreen.swift in Sources */ = {isa = PBXBuildFile; fileRef = 2C614F9B2688A9980070EEC6 /* HomeScreen.swift */; };
		2C614FA02688AA3F0070EEC6 /* AppSidebar.swift in Sources */ = {isa = PBXBuildFile; fileRef = 2C614F9F2688AA3F0070EEC6 /* AppSidebar.swift */; };
		2C614FA12688AA3F0070EEC6 /* AppSidebar.swift in Sources */ = {isa = PBXBuildFile; fileRef = 2C614F9F2688AA3F0070EEC6 /* AppSidebar.swift */; };
		2C6B676626A36CBE00A9B4D6 /* AddHostSheet.swift in Sources */ = {isa = PBXBuildFile; fileRef = 2C6B676526A36CBE00A9B4D6 /* AddHostSheet.swift */; };
		2C6B676726A36CBE00A9B4D6 /* AddHostSheet.swift in Sources */ = {isa = PBXBuildFile; fileRef = 2C6B676526A36CBE00A9B4D6 /* AddHostSheet.swift */; };
		2C6B676926A36D0500A9B4D6 /* ServiceHostPicker.swift in Sources */ = {isa = PBXBuildFile; fileRef = 2C6B676826A36D0500A9B4D6 /* ServiceHostPicker.swift */; };
		2C6B676A26A36D0500A9B4D6 /* ServiceHostPicker.swift in Sources */ = {isa = PBXBuildFile; fileRef = 2C6B676826A36D0500A9B4D6 /* ServiceHostPicker.swift */; };
		2C6B676C26A37E6300A9B4D6 /* AlertMessageError.swift in Sources */ = {isa = PBXBuildFile; fileRef = 2C6B676B26A37E6300A9B4D6 /* AlertMessageError.swift */; };
		2C6B676D26A37E6300A9B4D6 /* AlertMessageError.swift in Sources */ = {isa = PBXBuildFile; fileRef = 2C6B676B26A37E6300A9B4D6 /* AlertMessageError.swift */; };
		2C7A47B22699E6B100E21011 /* AppDetailsScreen+ViewModel.swift in Sources */ = {isa = PBXBuildFile; fileRef = 2C7A47B12699E6B100E21011 /* AppDetailsScreen+ViewModel.swift */; };
		2C7A47B32699E6B100E21011 /* AppDetailsScreen+ViewModel.swift in Sources */ = {isa = PBXBuildFile; fileRef = 2C7A47B12699E6B100E21011 /* AppDetailsScreen+ViewModel.swift */; };
		2C7E3ECA26A30A3B00F5F571 /* CoreHost+CoreDataClass.swift in Sources */ = {isa = PBXBuildFile; fileRef = 2C7E3EC826A30A3B00F5F571 /* CoreHost+CoreDataClass.swift */; };
		2C7E3ECB26A30A3B00F5F571 /* CoreHost+CoreDataClass.swift in Sources */ = {isa = PBXBuildFile; fileRef = 2C7E3EC826A30A3B00F5F571 /* CoreHost+CoreDataClass.swift */; };
		2C7E3ECC26A30A3B00F5F571 /* CoreHost+CoreDataProperties.swift in Sources */ = {isa = PBXBuildFile; fileRef = 2C7E3EC926A30A3B00F5F571 /* CoreHost+CoreDataProperties.swift */; };
		2C7E3ECD26A30A3B00F5F571 /* CoreHost+CoreDataProperties.swift in Sources */ = {isa = PBXBuildFile; fileRef = 2C7E3EC926A30A3B00F5F571 /* CoreHost+CoreDataProperties.swift */; };
		2C7E3ECF26A30AE000F5F571 /* CoreHost+extensions.swift in Sources */ = {isa = PBXBuildFile; fileRef = 2C7E3ECE26A30AE000F5F571 /* CoreHost+extensions.swift */; };
		2C7E3ED026A30AE000F5F571 /* CoreHost+extensions.swift in Sources */ = {isa = PBXBuildFile; fileRef = 2C7E3ECE26A30AE000F5F571 /* CoreHost+extensions.swift */; };
		2C7E3ED226A314F500F5F571 /* Array+extensions.swift in Sources */ = {isa = PBXBuildFile; fileRef = 2C7E3ED126A314F500F5F571 /* Array+extensions.swift */; };
		2C7E3ED326A314F500F5F571 /* Array+extensions.swift in Sources */ = {isa = PBXBuildFile; fileRef = 2C7E3ED126A314F500F5F571 /* Array+extensions.swift */; };
		2C99BBD92688ACD300B30AFC /* MetricsNetworker in Frameworks */ = {isa = PBXBuildFile; productRef = 2C99BBD82688ACD300B30AFC /* MetricsNetworker */; };
		2C99BBDB2688ACDB00B30AFC /* MetricsNetworker in Frameworks */ = {isa = PBXBuildFile; productRef = 2C99BBDA2688ACDB00B30AFC /* MetricsNetworker */; };
		2C99BBDE2688AE2700B30AFC /* ShrimpExtensions in Frameworks */ = {isa = PBXBuildFile; productRef = 2C99BBDD2688AE2700B30AFC /* ShrimpExtensions */; };
		2C99BBE02688AE3100B30AFC /* ShrimpExtensions in Frameworks */ = {isa = PBXBuildFile; productRef = 2C99BBDF2688AE3100B30AFC /* ShrimpExtensions */; };
		2C9C350D2690E0D4009726C8 /* MetricsLocale in Frameworks */ = {isa = PBXBuildFile; productRef = 2C9C350C2690E0D4009726C8 /* MetricsLocale */; };
		2C9C350F2690E0DC009726C8 /* MetricsLocale in Frameworks */ = {isa = PBXBuildFile; productRef = 2C9C350E2690E0DC009726C8 /* MetricsLocale */; };
		2CD03DFF26908FBB00A66E75 /* AddAppScreen+ViewModel.swift in Sources */ = {isa = PBXBuildFile; fileRef = 2CD03DFE26908FBB00A66E75 /* AddAppScreen+ViewModel.swift */; };
		2CD03E0026908FBB00A66E75 /* AddAppScreen+ViewModel.swift in Sources */ = {isa = PBXBuildFile; fileRef = 2CD03DFE26908FBB00A66E75 /* AddAppScreen+ViewModel.swift */; };
		2CD03E032690948E00A66E75 /* MetricsUI in Frameworks */ = {isa = PBXBuildFile; productRef = 2CD03E022690948E00A66E75 /* MetricsUI */; };
		2CD03E052690949500A66E75 /* MetricsUI in Frameworks */ = {isa = PBXBuildFile; productRef = 2CD03E042690949500A66E75 /* MetricsUI */; };
		2CD03E08269098D400A66E75 /* ConsoleSwift in Frameworks */ = {isa = PBXBuildFile; productRef = 2CD03E07269098D400A66E75 /* ConsoleSwift */; };
		2CD03E0A269098E500A66E75 /* ConsoleSwift in Frameworks */ = {isa = PBXBuildFile; productRef = 2CD03E09269098E500A66E75 /* ConsoleSwift */; };
		2CD03E0D26909B7300A66E75 /* AlertMessage.swift in Sources */ = {isa = PBXBuildFile; fileRef = 2CD03E0C26909B7300A66E75 /* AlertMessage.swift */; };
		2CD03E0E26909B7300A66E75 /* AlertMessage.swift in Sources */ = {isa = PBXBuildFile; fileRef = 2CD03E0C26909B7300A66E75 /* AlertMessage.swift */; };
		2CF5A7E62697941C00A812C7 /* AppDetailsScreen.swift in Sources */ = {isa = PBXBuildFile; fileRef = 2CF5A7E52697941C00A812C7 /* AppDetailsScreen.swift */; };
		2CF5A7E72697941C00A812C7 /* AppDetailsScreen.swift in Sources */ = {isa = PBXBuildFile; fileRef = 2CF5A7E52697941C00A812C7 /* AppDetailsScreen.swift */; };
		2CF82C1D26A21FFD00EF4FEB /* Dictionary+extensions.swift in Sources */ = {isa = PBXBuildFile; fileRef = 2CF82C1C26A21FFD00EF4FEB /* Dictionary+extensions.swift */; };
		2CF82C1E26A21FFD00EF4FEB /* Dictionary+extensions.swift in Sources */ = {isa = PBXBuildFile; fileRef = 2CF82C1C26A21FFD00EF4FEB /* Dictionary+extensions.swift */; };
		6005D3CF26A94F270008E681 /* ModifyApp+ViewModel.swift in Sources */ = {isa = PBXBuildFile; fileRef = 6005D3CE26A94F270008E681 /* ModifyApp+ViewModel.swift */; };
		6005D3D026A94F270008E681 /* ModifyApp+ViewModel.swift in Sources */ = {isa = PBXBuildFile; fileRef = 6005D3CE26A94F270008E681 /* ModifyApp+ViewModel.swift */; };
		6017D2EB26A9CEA70027523E /* AppValidator.swift in Sources */ = {isa = PBXBuildFile; fileRef = 6017D2EA26A9CEA70027523E /* AppValidator.swift */; };
		6017D2EC26A9CEA70027523E /* AppValidator.swift in Sources */ = {isa = PBXBuildFile; fileRef = 6017D2EA26A9CEA70027523E /* AppValidator.swift */; };
		603CA8072689A2F7003A5C42 /* XiphiasNet in Frameworks */ = {isa = PBXBuildFile; productRef = 603CA8062689A2F7003A5C42 /* XiphiasNet */; };
		603CA8092689A2FC003A5C42 /* XiphiasNet in Frameworks */ = {isa = PBXBuildFile; productRef = 603CA8082689A2FC003A5C42 /* XiphiasNet */; };
		607794FC268DA415004A0D8A /* SalmonUI in Frameworks */ = {isa = PBXBuildFile; productRef = 607794FB268DA415004A0D8A /* SalmonUI */; };
		607794FE268DA423004A0D8A /* SalmonUI in Frameworks */ = {isa = PBXBuildFile; productRef = 607794FD268DA423004A0D8A /* SalmonUI */; };
		607B121F2696CF7100CDE5CA /* CoreAppButtonView.swift in Sources */ = {isa = PBXBuildFile; fileRef = 607B121E2696CF7100CDE5CA /* CoreAppButtonView.swift */; };
		607B12202696CF7100CDE5CA /* CoreAppButtonView.swift in Sources */ = {isa = PBXBuildFile; fileRef = 607B121E2696CF7100CDE5CA /* CoreAppButtonView.swift */; };
		607B12222696D51400CDE5CA /* String+extensions.swift in Sources */ = {isa = PBXBuildFile; fileRef = 607B12212696D51400CDE5CA /* String+extensions.swift */; };
		607B12232696D51400CDE5CA /* String+extensions.swift in Sources */ = {isa = PBXBuildFile; fileRef = 607B12212696D51400CDE5CA /* String+extensions.swift */; };
		609971E426A9486D00D3E306 /* CoreHostManager.swift in Sources */ = {isa = PBXBuildFile; fileRef = 609971E326A9486D00D3E306 /* CoreHostManager.swift */; };
		609971E526A9486D00D3E306 /* CoreHostManager.swift in Sources */ = {isa = PBXBuildFile; fileRef = 609971E326A9486D00D3E306 /* CoreHostManager.swift */; };
		609D67CA2694DB7400BB3B53 /* CoreApp+extensions.swift in Sources */ = {isa = PBXBuildFile; fileRef = 609D67C92694DB7400BB3B53 /* CoreApp+extensions.swift */; };
		609D67CB2694DB7400BB3B53 /* CoreApp+extensions.swift in Sources */ = {isa = PBXBuildFile; fileRef = 609D67C92694DB7400BB3B53 /* CoreApp+extensions.swift */; };
		609D67CE2694DD9700BB3B53 /* PersistanceManager in Frameworks */ = {isa = PBXBuildFile; productRef = 609D67CD2694DD9700BB3B53 /* PersistanceManager */; };
		609D67D02694DDA100BB3B53 /* PersistanceManager in Frameworks */ = {isa = PBXBuildFile; productRef = 609D67CF2694DDA100BB3B53 /* PersistanceManager */; };
		60A26423268AF7EA001FAF8B /* AddAppScreen.swift in Sources */ = {isa = PBXBuildFile; fileRef = 60A26422268AF7EA001FAF8B /* AddAppScreen.swift */; };
		60A26424268AF7EA001FAF8B /* AddAppScreen.swift in Sources */ = {isa = PBXBuildFile; fileRef = 60A26422268AF7EA001FAF8B /* AddAppScreen.swift */; };
		60A26427268AF82D001FAF8B /* NamiNavigator.swift in Sources */ = {isa = PBXBuildFile; fileRef = 60A26426268AF82D001FAF8B /* NamiNavigator.swift */; };
		60A26428268AF82D001FAF8B /* NamiNavigator.swift in Sources */ = {isa = PBXBuildFile; fileRef = 60A26426268AF82D001FAF8B /* NamiNavigator.swift */; };
		60A8D5EE269760AE00AE74D4 /* GridHeaderView.swift in Sources */ = {isa = PBXBuildFile; fileRef = 60A8D5ED269760AE00AE74D4 /* GridHeaderView.swift */; };
		60A8D5EF269760AE00AE74D4 /* GridHeaderView.swift in Sources */ = {isa = PBXBuildFile; fileRef = 60A8D5ED269760AE00AE74D4 /* GridHeaderView.swift */; };
		60A8D5F12697613E00AE74D4 /* MetricsGridView.swift in Sources */ = {isa = PBXBuildFile; fileRef = 60A8D5F02697613E00AE74D4 /* MetricsGridView.swift */; };
		60A8D5F22697613E00AE74D4 /* MetricsGridView.swift in Sources */ = {isa = PBXBuildFile; fileRef = 60A8D5F02697613E00AE74D4 /* MetricsGridView.swift */; };
		60BFEF782694387800CC2C54 /* CoreApp+CoreDataClass.swift in Sources */ = {isa = PBXBuildFile; fileRef = 60BFEF762694387800CC2C54 /* CoreApp+CoreDataClass.swift */; };
		60BFEF792694387800CC2C54 /* CoreApp+CoreDataClass.swift in Sources */ = {isa = PBXBuildFile; fileRef = 60BFEF762694387800CC2C54 /* CoreApp+CoreDataClass.swift */; };
		60BFEF7A2694387800CC2C54 /* CoreApp+CoreDataProperties.swift in Sources */ = {isa = PBXBuildFile; fileRef = 60BFEF772694387800CC2C54 /* CoreApp+CoreDataProperties.swift */; };
		60BFEF7B2694387800CC2C54 /* CoreApp+CoreDataProperties.swift in Sources */ = {isa = PBXBuildFile; fileRef = 60BFEF772694387800CC2C54 /* CoreApp+CoreDataProperties.swift */; };
		60D77CDF269CA1D60079188A /* SidebarScreenModel.swift in Sources */ = {isa = PBXBuildFile; fileRef = 60D77CDE269CA1D60079188A /* SidebarScreenModel.swift */; };
		60D77CE0269CA1D60079188A /* SidebarScreenModel.swift in Sources */ = {isa = PBXBuildFile; fileRef = 60D77CDE269CA1D60079188A /* SidebarScreenModel.swift */; };
		60F8F1C12695884B0073E33E /* CoreAppManager.swift in Sources */ = {isa = PBXBuildFile; fileRef = 60F8F1C02695884B0073E33E /* CoreAppManager.swift */; };
		60F8F1C22695884B0073E33E /* CoreAppManager.swift in Sources */ = {isa = PBXBuildFile; fileRef = 60F8F1C02695884B0073E33E /* CoreAppManager.swift */; };
/* End PBXBuildFile section */

/* Begin PBXContainerItemProxy section */
		2C614F642688A2A30070EEC6 /* PBXContainerItemProxy */ = {
			isa = PBXContainerItemProxy;
			containerPortal = 2C614F492688A2A10070EEC6 /* Project object */;
			proxyType = 1;
			remoteGlobalIDString = 2C614F572688A2A30070EEC6;
			remoteInfo = "MetricsViewer (iOS)";
		};
		2C614F6E2688A2A30070EEC6 /* PBXContainerItemProxy */ = {
			isa = PBXContainerItemProxy;
			containerPortal = 2C614F492688A2A10070EEC6 /* Project object */;
			proxyType = 1;
			remoteGlobalIDString = 2C614F5D2688A2A30070EEC6;
			remoteInfo = "MetricsViewer (macOS)";
		};
/* End PBXContainerItemProxy section */

/* Begin PBXFileReference section */
		2C03D7F72690DDDE00F2445E /* MetricsLocale */ = {isa = PBXFileReference; lastKnownFileType = folder; path = MetricsLocale; sourceTree = "<group>"; };
		2C0D2A1B26A9E6D0001E80EC /* AppDetailsScreen+EditViewModel.swift */ = {isa = PBXFileReference; lastKnownFileType = sourcecode.swift; path = "AppDetailsScreen+EditViewModel.swift"; sourceTree = "<group>"; };
		2C12415926A8BD4E0044C163 /* ModifyApp.swift */ = {isa = PBXFileReference; lastKnownFileType = sourcecode.swift; path = ModifyApp.swift; sourceTree = "<group>"; };
		2C1BCA82269A12C2001EDE66 /* Date+extensions.swift */ = {isa = PBXFileReference; lastKnownFileType = sourcecode.swift; path = "Date+extensions.swift"; sourceTree = "<group>"; };
		2C1BCA85269A176A001EDE66 /* handledAlert.swift */ = {isa = PBXFileReference; lastKnownFileType = sourcecode.swift; path = handledAlert.swift; sourceTree = "<group>"; };
		2C1BCA88269A2E06001EDE66 /* DataItemResponse+extensions.swift */ = {isa = PBXFileReference; lastKnownFileType = sourcecode.swift; path = "DataItemResponse+extensions.swift"; sourceTree = "<group>"; };
		2C1BCA8B269A2E30001EDE66 /* MetricsData.swift */ = {isa = PBXFileReference; lastKnownFileType = sourcecode.swift; path = MetricsData.swift; sourceTree = "<group>"; };
		2C298CF4269082CE00993C91 /* Constants.swift */ = {isa = PBXFileReference; lastKnownFileType = sourcecode.swift; path = Constants.swift; sourceTree = "<group>"; };
		2C298CF8269083FD00993C91 /* DispatchQueue+extensions.swift */ = {isa = PBXFileReference; lastKnownFileType = sourcecode.swift; path = "DispatchQueue+extensions.swift"; sourceTree = "<group>"; };
		2C2B709A26977B77008171F2 /* Color+extensions.swift */ = {isa = PBXFileReference; lastKnownFileType = sourcecode.swift; path = "Color+extensions.swift"; sourceTree = "<group>"; };
		2C2B709E26977DE5008171F2 /* MetricsGridCellRenderable.swift */ = {isa = PBXFileReference; lastKnownFileType = sourcecode.swift; path = MetricsGridCellRenderable.swift; sourceTree = "<group>"; };
		2C2CD71B2699F6F40050D466 /* GraphWidget.swift */ = {isa = PBXFileReference; lastKnownFileType = sourcecode.swift; path = GraphWidget.swift; sourceTree = "<group>"; };
		2C32E6662688FE5400DC34AF /* NetworkCache.swift */ = {isa = PBXFileReference; lastKnownFileType = sourcecode.swift; path = NetworkCache.swift; sourceTree = "<group>"; };
		2C32E6692688FE8C00DC34AF /* NetworkController.swift */ = {isa = PBXFileReference; lastKnownFileType = sourcecode.swift; path = NetworkController.swift; sourceTree = "<group>"; };
		2C32E66F2689033E00DC34AF /* HomeScreen+ViewModel.swift */ = {isa = PBXFileReference; lastKnownFileType = sourcecode.swift; path = "HomeScreen+ViewModel.swift"; sourceTree = "<group>"; };
		2C36D18F2690E6E4005EE90D /* en.js */ = {isa = PBXFileReference; lastKnownFileType = sourcecode.javascript; path = en.js; sourceTree = "<group>"; };
		2C36D1902690E6E4005EE90D /* locale.js */ = {isa = PBXFileReference; lastKnownFileType = sourcecode.javascript; path = locale.js; sourceTree = "<group>"; };
		2C36D1922690E6E4005EE90D /* README.md */ = {isa = PBXFileReference; lastKnownFileType = net.daringfireball.markdown; path = README.md; sourceTree = "<group>"; };
		2C36D1932690E6E4005EE90D /* Localize.js */ = {isa = PBXFileReference; lastKnownFileType = sourcecode.javascript; path = Localize.js; sourceTree = "<group>"; };
		2C36D1942690E6E4005EE90D /* run.sh */ = {isa = PBXFileReference; lastKnownFileType = text.script.sh; path = run.sh; sourceTree = "<group>"; };
		2C36D1952690E6E4005EE90D /* templates.js */ = {isa = PBXFileReference; lastKnownFileType = sourcecode.javascript; path = templates.js; sourceTree = "<group>"; };
		2C5B938926A4B01900DBC19B /* AppDetailsMetrics.swift */ = {isa = PBXFileReference; lastKnownFileType = sourcecode.swift; path = AppDetailsMetrics.swift; sourceTree = "<group>"; };
		2C5B938C26A4B05900DBC19B /* LaunchMetricsSection.swift */ = {isa = PBXFileReference; lastKnownFileType = sourcecode.swift; path = LaunchMetricsSection.swift; sourceTree = "<group>"; };
		2C614F502688A2A10070EEC6 /* MetricsViewerApp.swift */ = {isa = PBXFileReference; lastKnownFileType = sourcecode.swift; path = MetricsViewerApp.swift; sourceTree = "<group>"; };
		2C614F512688A2A10070EEC6 /* ContentView.swift */ = {isa = PBXFileReference; lastKnownFileType = sourcecode.swift; path = ContentView.swift; sourceTree = "<group>"; };
		2C614F522688A2A10070EEC6 /* Persistence.swift */ = {isa = PBXFileReference; lastKnownFileType = sourcecode.swift; path = Persistence.swift; sourceTree = "<group>"; };
		2C614F532688A2A30070EEC6 /* Assets.xcassets */ = {isa = PBXFileReference; lastKnownFileType = folder.assetcatalog; path = Assets.xcassets; sourceTree = "<group>"; };
		2C614F582688A2A30070EEC6 /* MetricsViewer.app */ = {isa = PBXFileReference; explicitFileType = wrapper.application; includeInIndex = 0; path = MetricsViewer.app; sourceTree = BUILT_PRODUCTS_DIR; };
		2C614F5E2688A2A30070EEC6 /* MetricsViewer.app */ = {isa = PBXFileReference; explicitFileType = wrapper.application; includeInIndex = 0; path = MetricsViewer.app; sourceTree = BUILT_PRODUCTS_DIR; };
		2C614F632688A2A30070EEC6 /* Tests iOS.xctest */ = {isa = PBXFileReference; explicitFileType = wrapper.cfbundle; includeInIndex = 0; path = "Tests iOS.xctest"; sourceTree = BUILT_PRODUCTS_DIR; };
		2C614F672688A2A30070EEC6 /* Tests_iOS.swift */ = {isa = PBXFileReference; lastKnownFileType = sourcecode.swift; path = Tests_iOS.swift; sourceTree = "<group>"; };
		2C614F6D2688A2A30070EEC6 /* Tests macOS.xctest */ = {isa = PBXFileReference; explicitFileType = wrapper.cfbundle; includeInIndex = 0; path = "Tests macOS.xctest"; sourceTree = BUILT_PRODUCTS_DIR; };
		2C614F712688A2A30070EEC6 /* Tests_macOS.swift */ = {isa = PBXFileReference; lastKnownFileType = sourcecode.swift; path = Tests_macOS.swift; sourceTree = "<group>"; };
		2C614F8C2688A2EC0070EEC6 /* Info.plist */ = {isa = PBXFileReference; lastKnownFileType = text.plist.xml; path = Info.plist; sourceTree = "<group>"; };
		2C614F902688A6EE0070EEC6 /* generate_docs.sh */ = {isa = PBXFileReference; lastKnownFileType = text.script.sh; path = generate_docs.sh; sourceTree = "<group>"; };
		2C614F912688A7250070EEC6 /* pre_compile.sh */ = {isa = PBXFileReference; lastKnownFileType = text.script.sh; path = pre_compile.sh; sourceTree = "<group>"; };
		2C614F952688A81D0070EEC6 /* Shared.xcdatamodel */ = {isa = PBXFileReference; lastKnownFileType = wrapper.xcdatamodel; path = Shared.xcdatamodel; sourceTree = "<group>"; };
		2C614F982688A8490070EEC6 /* clear_mac_data.sh */ = {isa = PBXFileReference; lastKnownFileType = text.script.sh; path = clear_mac_data.sh; sourceTree = "<group>"; };
		2C614F9B2688A9980070EEC6 /* HomeScreen.swift */ = {isa = PBXFileReference; lastKnownFileType = sourcecode.swift; path = HomeScreen.swift; sourceTree = "<group>"; };
		2C614F9F2688AA3F0070EEC6 /* AppSidebar.swift */ = {isa = PBXFileReference; lastKnownFileType = sourcecode.swift; path = AppSidebar.swift; sourceTree = "<group>"; };
		2C6B676526A36CBE00A9B4D6 /* AddHostSheet.swift */ = {isa = PBXFileReference; lastKnownFileType = sourcecode.swift; path = AddHostSheet.swift; sourceTree = "<group>"; };
		2C6B676826A36D0500A9B4D6 /* ServiceHostPicker.swift */ = {isa = PBXFileReference; lastKnownFileType = sourcecode.swift; path = ServiceHostPicker.swift; sourceTree = "<group>"; };
		2C6B676B26A37E6300A9B4D6 /* AlertMessageError.swift */ = {isa = PBXFileReference; lastKnownFileType = sourcecode.swift; path = AlertMessageError.swift; sourceTree = "<group>"; };
		2C7A47B12699E6B100E21011 /* AppDetailsScreen+ViewModel.swift */ = {isa = PBXFileReference; lastKnownFileType = sourcecode.swift; path = "AppDetailsScreen+ViewModel.swift"; sourceTree = "<group>"; };
		2C7A47B72699F41A00E21011 /* Info.plist */ = {isa = PBXFileReference; lastKnownFileType = text.plist.xml; path = Info.plist; sourceTree = "<group>"; };
		2C7E3EC826A30A3B00F5F571 /* CoreHost+CoreDataClass.swift */ = {isa = PBXFileReference; lastKnownFileType = sourcecode.swift; path = "CoreHost+CoreDataClass.swift"; sourceTree = "<group>"; };
		2C7E3EC926A30A3B00F5F571 /* CoreHost+CoreDataProperties.swift */ = {isa = PBXFileReference; lastKnownFileType = sourcecode.swift; path = "CoreHost+CoreDataProperties.swift"; sourceTree = "<group>"; };
		2C7E3ECE26A30AE000F5F571 /* CoreHost+extensions.swift */ = {isa = PBXFileReference; lastKnownFileType = sourcecode.swift; path = "CoreHost+extensions.swift"; sourceTree = "<group>"; };
		2C7E3ED126A314F500F5F571 /* Array+extensions.swift */ = {isa = PBXFileReference; lastKnownFileType = sourcecode.swift; path = "Array+extensions.swift"; sourceTree = "<group>"; };
		2C992C7826A498FF004A4247 /* Predicates.playground */ = {isa = PBXFileReference; lastKnownFileType = file.playground; path = Predicates.playground; sourceTree = "<group>"; xcLanguageSpecificationIdentifier = xcode.lang.swift; };
		2C99BBD62688AC9F00B30AFC /* MetricsNetworker */ = {isa = PBXFileReference; lastKnownFileType = folder; path = MetricsNetworker; sourceTree = "<group>"; };
		2C99BBE12688BDD800B30AFC /* MetricsViewer.entitlements */ = {isa = PBXFileReference; lastKnownFileType = text.plist.entitlements; path = MetricsViewer.entitlements; sourceTree = "<group>"; };
		2CD03DFE26908FBB00A66E75 /* AddAppScreen+ViewModel.swift */ = {isa = PBXFileReference; lastKnownFileType = sourcecode.swift; path = "AddAppScreen+ViewModel.swift"; sourceTree = "<group>"; };
		2CD03E012690931100A66E75 /* MetricsUI */ = {isa = PBXFileReference; lastKnownFileType = folder; path = MetricsUI; sourceTree = "<group>"; };
		2CD03E0C26909B7300A66E75 /* AlertMessage.swift */ = {isa = PBXFileReference; lastKnownFileType = sourcecode.swift; path = AlertMessage.swift; sourceTree = "<group>"; };
		2CF5A7E52697941C00A812C7 /* AppDetailsScreen.swift */ = {isa = PBXFileReference; lastKnownFileType = sourcecode.swift; path = AppDetailsScreen.swift; sourceTree = "<group>"; };
		2CF82C1C26A21FFD00EF4FEB /* Dictionary+extensions.swift */ = {isa = PBXFileReference; lastKnownFileType = sourcecode.swift; path = "Dictionary+extensions.swift"; sourceTree = "<group>"; };
		6005D3CE26A94F270008E681 /* ModifyApp+ViewModel.swift */ = {isa = PBXFileReference; lastKnownFileType = sourcecode.swift; path = "ModifyApp+ViewModel.swift"; sourceTree = "<group>"; };
		6017D2EA26A9CEA70027523E /* AppValidator.swift */ = {isa = PBXFileReference; lastKnownFileType = sourcecode.swift; path = AppValidator.swift; sourceTree = "<group>"; };
		607B121E2696CF7100CDE5CA /* CoreAppButtonView.swift */ = {isa = PBXFileReference; lastKnownFileType = sourcecode.swift; path = CoreAppButtonView.swift; sourceTree = "<group>"; };
		607B12212696D51400CDE5CA /* String+extensions.swift */ = {isa = PBXFileReference; lastKnownFileType = sourcecode.swift; path = "String+extensions.swift"; sourceTree = "<group>"; };
		609971E326A9486D00D3E306 /* CoreHostManager.swift */ = {isa = PBXFileReference; lastKnownFileType = sourcecode.swift; path = CoreHostManager.swift; sourceTree = "<group>"; };
		609D67C92694DB7400BB3B53 /* CoreApp+extensions.swift */ = {isa = PBXFileReference; lastKnownFileType = sourcecode.swift; path = "CoreApp+extensions.swift"; sourceTree = "<group>"; };
		60A26422268AF7EA001FAF8B /* AddAppScreen.swift */ = {isa = PBXFileReference; lastKnownFileType = sourcecode.swift; path = AddAppScreen.swift; sourceTree = "<group>"; };
		60A26426268AF82D001FAF8B /* NamiNavigator.swift */ = {isa = PBXFileReference; lastKnownFileType = sourcecode.swift; path = NamiNavigator.swift; sourceTree = "<group>"; };
		60A8D5ED269760AE00AE74D4 /* GridHeaderView.swift */ = {isa = PBXFileReference; lastKnownFileType = sourcecode.swift; path = GridHeaderView.swift; sourceTree = "<group>"; };
		60A8D5F02697613E00AE74D4 /* MetricsGridView.swift */ = {isa = PBXFileReference; lastKnownFileType = sourcecode.swift; path = MetricsGridView.swift; sourceTree = "<group>"; };
		60BFEF762694387800CC2C54 /* CoreApp+CoreDataClass.swift */ = {isa = PBXFileReference; lastKnownFileType = sourcecode.swift; path = "CoreApp+CoreDataClass.swift"; sourceTree = "<group>"; };
		60BFEF772694387800CC2C54 /* CoreApp+CoreDataProperties.swift */ = {isa = PBXFileReference; lastKnownFileType = sourcecode.swift; path = "CoreApp+CoreDataProperties.swift"; sourceTree = "<group>"; };
		60D77CDE269CA1D60079188A /* SidebarScreenModel.swift */ = {isa = PBXFileReference; lastKnownFileType = sourcecode.swift; path = SidebarScreenModel.swift; sourceTree = "<group>"; };
		60F8F1C02695884B0073E33E /* CoreAppManager.swift */ = {isa = PBXFileReference; lastKnownFileType = sourcecode.swift; path = CoreAppManager.swift; sourceTree = "<group>"; };
/* End PBXFileReference section */

/* Begin PBXFrameworksBuildPhase section */
		2C614F552688A2A30070EEC6 /* Frameworks */ = {
			isa = PBXFrameworksBuildPhase;
			buildActionMask = 2147483647;
			files = (
				607794FC268DA415004A0D8A /* SalmonUI in Frameworks */,
				2C99BBDB2688ACDB00B30AFC /* MetricsNetworker in Frameworks */,
				2CD03E08269098D400A66E75 /* ConsoleSwift in Frameworks */,
				2C99BBE02688AE3100B30AFC /* ShrimpExtensions in Frameworks */,
				603CA8072689A2F7003A5C42 /* XiphiasNet in Frameworks */,
				2CD03E032690948E00A66E75 /* MetricsUI in Frameworks */,
				609D67CE2694DD9700BB3B53 /* PersistanceManager in Frameworks */,
				2C9C350F2690E0DC009726C8 /* MetricsLocale in Frameworks */,
			);
			runOnlyForDeploymentPostprocessing = 0;
		};
		2C614F5B2688A2A30070EEC6 /* Frameworks */ = {
			isa = PBXFrameworksBuildPhase;
			buildActionMask = 2147483647;
			files = (
				607794FE268DA423004A0D8A /* SalmonUI in Frameworks */,
				2C99BBD92688ACD300B30AFC /* MetricsNetworker in Frameworks */,
				2CD03E0A269098E500A66E75 /* ConsoleSwift in Frameworks */,
				2C99BBDE2688AE2700B30AFC /* ShrimpExtensions in Frameworks */,
				603CA8092689A2FC003A5C42 /* XiphiasNet in Frameworks */,
				2CD03E052690949500A66E75 /* MetricsUI in Frameworks */,
				609D67D02694DDA100BB3B53 /* PersistanceManager in Frameworks */,
				2C9C350D2690E0D4009726C8 /* MetricsLocale in Frameworks */,
			);
			runOnlyForDeploymentPostprocessing = 0;
		};
		2C614F602688A2A30070EEC6 /* Frameworks */ = {
			isa = PBXFrameworksBuildPhase;
			buildActionMask = 2147483647;
			files = (
			);
			runOnlyForDeploymentPostprocessing = 0;
		};
		2C614F6A2688A2A30070EEC6 /* Frameworks */ = {
			isa = PBXFrameworksBuildPhase;
			buildActionMask = 2147483647;
			files = (
			);
			runOnlyForDeploymentPostprocessing = 0;
		};
/* End PBXFrameworksBuildPhase section */

/* Begin PBXGroup section */
		2C0D2A1A26A9E6BA001E80EC /* AppDetailsScreen */ = {
			isa = PBXGroup;
			children = (
				2C7A47B12699E6B100E21011 /* AppDetailsScreen+ViewModel.swift */,
				2C0D2A1B26A9E6D0001E80EC /* AppDetailsScreen+EditViewModel.swift */,
			);
			path = AppDetailsScreen;
			sourceTree = "<group>";
		};
		2C298CF7269083E800993C91 /* Extensions */ = {
			isa = PBXGroup;
			children = (
				2C7E3ED126A314F500F5F571 /* Array+extensions.swift */,
				2C2B709A26977B77008171F2 /* Color+extensions.swift */,
				609D67C92694DB7400BB3B53 /* CoreApp+extensions.swift */,
				2C7E3ECE26A30AE000F5F571 /* CoreHost+extensions.swift */,
				2C1BCA88269A2E06001EDE66 /* DataItemResponse+extensions.swift */,
				2C1BCA82269A12C2001EDE66 /* Date+extensions.swift */,
				2CF82C1C26A21FFD00EF4FEB /* Dictionary+extensions.swift */,
				2C298CF8269083FD00993C91 /* DispatchQueue+extensions.swift */,
				607B12212696D51400CDE5CA /* String+extensions.swift */,
			);
			path = Extensions;
			sourceTree = "<group>";
		};
		2C2B709D26977DCC008171F2 /* Protocols */ = {
			isa = PBXGroup;
			children = (
				2C2B709E26977DE5008171F2 /* MetricsGridCellRenderable.swift */,
				2C6B676B26A37E6300A9B4D6 /* AlertMessageError.swift */,
			);
			path = Protocols;
			sourceTree = "<group>";
		};
		2C32E6652688FE3F00DC34AF /* Utilities */ = {
			isa = PBXGroup;
			children = (
				2C614F522688A2A10070EEC6 /* Persistence.swift */,
				2C32E6662688FE5400DC34AF /* NetworkCache.swift */,
				2C32E6692688FE8C00DC34AF /* NetworkController.swift */,
				6017D2EA26A9CEA70027523E /* AppValidator.swift */,
			);
			path = Utilities;
			sourceTree = "<group>";
		};
		2C32E66C2689031B00DC34AF /* Models */ = {
			isa = PBXGroup;
			children = (
				60BFEF742694383B00CC2C54 /* CoreData */,
				2CD03E0B26909B6200A66E75 /* Structures */,
				2C32E66D2689032100DC34AF /* ViewModels */,
			);
			path = Models;
			sourceTree = "<group>";
		};
		2C32E66D2689032100DC34AF /* ViewModels */ = {
			isa = PBXGroup;
			children = (
				6005D3CD26A94F0D0008E681 /* SupportingViews */,
				60A26425268AF811001FAF8B /* Environment */,
				2C32E66E2689032B00DC34AF /* Screens */,
			);
			path = ViewModels;
			sourceTree = "<group>";
		};
		2C32E66E2689032B00DC34AF /* Screens */ = {
			isa = PBXGroup;
			children = (
				2CD03DFE26908FBB00A66E75 /* AddAppScreen+ViewModel.swift */,
				2C32E66F2689033E00DC34AF /* HomeScreen+ViewModel.swift */,
				2C0D2A1A26A9E6BA001E80EC /* AppDetailsScreen */,
			);
			path = Screens;
			sourceTree = "<group>";
		};
		2C36D18D2690E220005EE90D /* generate_locales */ = {
			isa = PBXGroup;
			children = (
				2C36D1902690E6E4005EE90D /* locale.js */,
				2C36D1952690E6E4005EE90D /* templates.js */,
				2C36D1942690E6E4005EE90D /* run.sh */,
				2C36D18E2690E6E4005EE90D /* locales */,
				2C36D1912690E6E4005EE90D /* Localize.js */,
			);
			path = generate_locales;
			sourceTree = "<group>";
		};
		2C36D18E2690E6E4005EE90D /* locales */ = {
			isa = PBXGroup;
			children = (
				2C36D18F2690E6E4005EE90D /* en.js */,
			);
			path = locales;
			sourceTree = "<group>";
		};
		2C36D1912690E6E4005EE90D /* Localize.js */ = {
			isa = PBXGroup;
			children = (
				2C36D1922690E6E4005EE90D /* README.md */,
				2C36D1932690E6E4005EE90D /* Localize.js */,
			);
			path = Localize.js;
			sourceTree = "<group>";
		};
		2C614F482688A2A10070EEC6 = {
			isa = PBXGroup;
			children = (
				2C99BBD72688ACD300B30AFC /* Frameworks */,
				2C614FA22688AA930070EEC6 /* Packages */,
				2C992C7726A498E2004A4247 /* Playground */,
				2C614F592688A2A30070EEC6 /* Products */,
				2C614F8F2688A6D60070EEC6 /* Scripts */,
				2C614F4D2688A2A10070EEC6 /* Shared */,
				2C614F8B2688A2D10070EEC6 /* Targets */,
				2C614F8E2688A5C70070EEC6 /* Tests */,
			);
			sourceTree = "<group>";
		};
		2C614F4D2688A2A10070EEC6 /* Shared */ = {
			isa = PBXGroup;
			children = (
				2C298CF4269082CE00993C91 /* Constants.swift */,
				2C614F512688A2A10070EEC6 /* ContentView.swift */,
				2C614F502688A2A10070EEC6 /* MetricsViewerApp.swift */,
				2C614F532688A2A30070EEC6 /* Assets.xcassets */,
				2C298CF7269083E800993C91 /* Extensions */,
				2C32E66C2689031B00DC34AF /* Models */,
				2C2B709D26977DCC008171F2 /* Protocols */,
				2C32E6652688FE3F00DC34AF /* Utilities */,
				2C614F992688A9630070EEC6 /* Views */,
			);
			path = Shared;
			sourceTree = "<group>";
		};
		2C614F592688A2A30070EEC6 /* Products */ = {
			isa = PBXGroup;
			children = (
				2C614F582688A2A30070EEC6 /* MetricsViewer.app */,
				2C614F5E2688A2A30070EEC6 /* MetricsViewer.app */,
				2C614F632688A2A30070EEC6 /* Tests iOS.xctest */,
				2C614F6D2688A2A30070EEC6 /* Tests macOS.xctest */,
			);
			name = Products;
			sourceTree = "<group>";
		};
		2C614F662688A2A30070EEC6 /* iOS */ = {
			isa = PBXGroup;
			children = (
				2C614F672688A2A30070EEC6 /* Tests_iOS.swift */,
			);
			path = iOS;
			sourceTree = "<group>";
		};
		2C614F702688A2A30070EEC6 /* macOS */ = {
			isa = PBXGroup;
			children = (
				2C614F712688A2A30070EEC6 /* Tests_macOS.swift */,
			);
			path = macOS;
			sourceTree = "<group>";
		};
		2C614F8B2688A2D10070EEC6 /* Targets */ = {
			isa = PBXGroup;
			children = (
				2CB4D3BC2688CFED00DF0E9F /* macOS */,
				2C614F8D2688A38E0070EEC6 /* iOS */,
			);
			path = Targets;
			sourceTree = "<group>";
		};
		2C614F8D2688A38E0070EEC6 /* iOS */ = {
			isa = PBXGroup;
			children = (
				2C614F8C2688A2EC0070EEC6 /* Info.plist */,
			);
			path = iOS;
			sourceTree = "<group>";
		};
		2C614F8E2688A5C70070EEC6 /* Tests */ = {
			isa = PBXGroup;
			children = (
				2C614F662688A2A30070EEC6 /* iOS */,
				2C614F702688A2A30070EEC6 /* macOS */,
			);
			path = Tests;
			sourceTree = "<group>";
		};
		2C614F8F2688A6D60070EEC6 /* Scripts */ = {
			isa = PBXGroup;
			children = (
				2C614F982688A8490070EEC6 /* clear_mac_data.sh */,
				2C614F902688A6EE0070EEC6 /* generate_docs.sh */,
				2C614F912688A7250070EEC6 /* pre_compile.sh */,
				2C36D18D2690E220005EE90D /* generate_locales */,
			);
			path = Scripts;
			sourceTree = "<group>";
		};
		2C614F992688A9630070EEC6 /* Views */ = {
			isa = PBXGroup;
			children = (
				2C614F9A2688A9780070EEC6 /* Screens */,
				2C614F9E2688AA110070EEC6 /* SupportingViews */,
			);
			path = Views;
			sourceTree = "<group>";
		};
		2C614F9A2688A9780070EEC6 /* Screens */ = {
			isa = PBXGroup;
			children = (
				60A26422268AF7EA001FAF8B /* AddAppScreen.swift */,
				2CF5A7E52697941C00A812C7 /* AppDetailsScreen.swift */,
				2C614F9B2688A9980070EEC6 /* HomeScreen.swift */,
			);
			path = Screens;
			sourceTree = "<group>";
		};
		2C614F9E2688AA110070EEC6 /* SupportingViews */ = {
			isa = PBXGroup;
			children = (
				2C6B676526A36CBE00A9B4D6 /* AddHostSheet.swift */,
				2C5B938926A4B01900DBC19B /* AppDetailsMetrics.swift */,
				2C614F9F2688AA3F0070EEC6 /* AppSidebar.swift */,
				607B121E2696CF7100CDE5CA /* CoreAppButtonView.swift */,
				2C2CD71B2699F6F40050D466 /* GraphWidget.swift */,
				60A8D5ED269760AE00AE74D4 /* GridHeaderView.swift */,
				2C1BCA85269A176A001EDE66 /* handledAlert.swift */,
				2C5B938C26A4B05900DBC19B /* LaunchMetricsSection.swift */,
				60A8D5F02697613E00AE74D4 /* MetricsGridView.swift */,
				2C6B676826A36D0500A9B4D6 /* ServiceHostPicker.swift */,
				2C12415926A8BD4E0044C163 /* ModifyApp.swift */,
			);
			path = SupportingViews;
			sourceTree = "<group>";
		};
		2C614FA22688AA930070EEC6 /* Packages */ = {
			isa = PBXGroup;
			children = (
				2C03D7F72690DDDE00F2445E /* MetricsLocale */,
				2CD03E012690931100A66E75 /* MetricsUI */,
				2C99BBD62688AC9F00B30AFC /* MetricsNetworker */,
			);
			path = Packages;
			sourceTree = "<group>";
		};
		2C7E3EC726A30A2300F5F571 /* CoreHost */ = {
			isa = PBXGroup;
			children = (
				2C7E3EC826A30A3B00F5F571 /* CoreHost+CoreDataClass.swift */,
				2C7E3EC926A30A3B00F5F571 /* CoreHost+CoreDataProperties.swift */,
			);
			path = CoreHost;
			sourceTree = "<group>";
		};
		2C992C7726A498E2004A4247 /* Playground */ = {
			isa = PBXGroup;
			children = (
				2C992C7826A498FF004A4247 /* Predicates.playground */,
			);
			path = Playground;
			sourceTree = "<group>";
		};
		2C99BBD72688ACD300B30AFC /* Frameworks */ = {
			isa = PBXGroup;
			children = (
			);
			name = Frameworks;
			sourceTree = "<group>";
		};
		2CB4D3BC2688CFED00DF0E9F /* macOS */ = {
			isa = PBXGroup;
			children = (
				2C7A47B72699F41A00E21011 /* Info.plist */,
				2C99BBE12688BDD800B30AFC /* MetricsViewer.entitlements */,
			);
			path = macOS;
			sourceTree = "<group>";
		};
		2CD03E0B26909B6200A66E75 /* Structures */ = {
			isa = PBXGroup;
			children = (
				2CD03E0C26909B7300A66E75 /* AlertMessage.swift */,
				2C1BCA8B269A2E30001EDE66 /* MetricsData.swift */,
				60D77CDE269CA1D60079188A /* SidebarScreenModel.swift */,
			);
			path = Structures;
			sourceTree = "<group>";
		};
		6005D3CD26A94F0D0008E681 /* SupportingViews */ = {
			isa = PBXGroup;
			children = (
				6005D3CE26A94F270008E681 /* ModifyApp+ViewModel.swift */,
			);
			path = SupportingViews;
			sourceTree = "<group>";
		};
		60A26425268AF811001FAF8B /* Environment */ = {
			isa = PBXGroup;
			children = (
				60A26426268AF82D001FAF8B /* NamiNavigator.swift */,
				60F8F1C02695884B0073E33E /* CoreAppManager.swift */,
				609971E326A9486D00D3E306 /* CoreHostManager.swift */,
			);
			path = Environment;
			sourceTree = "<group>";
		};
		60BFEF742694383B00CC2C54 /* CoreData */ = {
			isa = PBXGroup;
			children = (
				2C7E3EC726A30A2300F5F571 /* CoreHost */,
				60BFEF752694383B00CC2C54 /* CoreApp */,
				2C614F942688A81D0070EEC6 /* MetricsViewer.xcdatamodeld */,
			);
			path = CoreData;
			sourceTree = "<group>";
		};
		60BFEF752694383B00CC2C54 /* CoreApp */ = {
			isa = PBXGroup;
			children = (
				60BFEF762694387800CC2C54 /* CoreApp+CoreDataClass.swift */,
				60BFEF772694387800CC2C54 /* CoreApp+CoreDataProperties.swift */,
			);
			path = CoreApp;
			sourceTree = "<group>";
		};
/* End PBXGroup section */

/* Begin PBXNativeTarget section */
		2C614F572688A2A30070EEC6 /* MetricsViewer (iOS) */ = {
			isa = PBXNativeTarget;
			buildConfigurationList = 2C614F7F2688A2A30070EEC6 /* Build configuration list for PBXNativeTarget "MetricsViewer (iOS)" */;
			buildPhases = (
				2C614F922688A7400070EEC6 /* Pre Compile */,
				2C614F542688A2A30070EEC6 /* Sources */,
				2C614F552688A2A30070EEC6 /* Frameworks */,
				2C614F562688A2A30070EEC6 /* Resources */,
			);
			buildRules = (
			);
			dependencies = (
			);
			name = "MetricsViewer (iOS)";
			packageProductDependencies = (
				2C99BBDA2688ACDB00B30AFC /* MetricsNetworker */,
				2C99BBDF2688AE3100B30AFC /* ShrimpExtensions */,
				603CA8062689A2F7003A5C42 /* XiphiasNet */,
				607794FB268DA415004A0D8A /* SalmonUI */,
				2CD03E022690948E00A66E75 /* MetricsUI */,
				2CD03E07269098D400A66E75 /* ConsoleSwift */,
				2C9C350E2690E0DC009726C8 /* MetricsLocale */,
				609D67CD2694DD9700BB3B53 /* PersistanceManager */,
			);
			productName = "MetricsViewer (iOS)";
			productReference = 2C614F582688A2A30070EEC6 /* MetricsViewer.app */;
			productType = "com.apple.product-type.application";
		};
		2C614F5D2688A2A30070EEC6 /* MetricsViewer (macOS) */ = {
			isa = PBXNativeTarget;
			buildConfigurationList = 2C614F822688A2A30070EEC6 /* Build configuration list for PBXNativeTarget "MetricsViewer (macOS)" */;
			buildPhases = (
				2C614F932688A7630070EEC6 /* Pre Compile */,
				2C614F5A2688A2A30070EEC6 /* Sources */,
				2C614F5B2688A2A30070EEC6 /* Frameworks */,
				2C614F5C2688A2A30070EEC6 /* Resources */,
			);
			buildRules = (
			);
			dependencies = (
			);
			name = "MetricsViewer (macOS)";
			packageProductDependencies = (
				2C99BBD82688ACD300B30AFC /* MetricsNetworker */,
				2C99BBDD2688AE2700B30AFC /* ShrimpExtensions */,
				603CA8082689A2FC003A5C42 /* XiphiasNet */,
				607794FD268DA423004A0D8A /* SalmonUI */,
				2CD03E042690949500A66E75 /* MetricsUI */,
				2CD03E09269098E500A66E75 /* ConsoleSwift */,
				2C9C350C2690E0D4009726C8 /* MetricsLocale */,
				609D67CF2694DDA100BB3B53 /* PersistanceManager */,
			);
			productName = "MetricsViewer (macOS)";
			productReference = 2C614F5E2688A2A30070EEC6 /* MetricsViewer.app */;
			productType = "com.apple.product-type.application";
		};
		2C614F622688A2A30070EEC6 /* Tests iOS */ = {
			isa = PBXNativeTarget;
			buildConfigurationList = 2C614F852688A2A30070EEC6 /* Build configuration list for PBXNativeTarget "Tests iOS" */;
			buildPhases = (
				2C614F5F2688A2A30070EEC6 /* Sources */,
				2C614F602688A2A30070EEC6 /* Frameworks */,
				2C614F612688A2A30070EEC6 /* Resources */,
			);
			buildRules = (
			);
			dependencies = (
				2C614F652688A2A30070EEC6 /* PBXTargetDependency */,
			);
			name = "Tests iOS";
			productName = "Tests iOS";
			productReference = 2C614F632688A2A30070EEC6 /* Tests iOS.xctest */;
			productType = "com.apple.product-type.bundle.ui-testing";
		};
		2C614F6C2688A2A30070EEC6 /* Tests macOS */ = {
			isa = PBXNativeTarget;
			buildConfigurationList = 2C614F882688A2A30070EEC6 /* Build configuration list for PBXNativeTarget "Tests macOS" */;
			buildPhases = (
				2C614F692688A2A30070EEC6 /* Sources */,
				2C614F6A2688A2A30070EEC6 /* Frameworks */,
				2C614F6B2688A2A30070EEC6 /* Resources */,
			);
			buildRules = (
			);
			dependencies = (
				2C614F6F2688A2A30070EEC6 /* PBXTargetDependency */,
			);
			name = "Tests macOS";
			productName = "Tests macOS";
			productReference = 2C614F6D2688A2A30070EEC6 /* Tests macOS.xctest */;
			productType = "com.apple.product-type.bundle.ui-testing";
		};
/* End PBXNativeTarget section */

/* Begin PBXProject section */
		2C614F492688A2A10070EEC6 /* Project object */ = {
			isa = PBXProject;
			attributes = {
				BuildIndependentTargetsInParallel = 1;
				LastSwiftUpdateCheck = 1300;
				LastUpgradeCheck = 1300;
				TargetAttributes = {
					2C614F572688A2A30070EEC6 = {
						CreatedOnToolsVersion = 13.0;
					};
					2C614F5D2688A2A30070EEC6 = {
						CreatedOnToolsVersion = 13.0;
					};
					2C614F622688A2A30070EEC6 = {
						CreatedOnToolsVersion = 13.0;
						TestTargetID = 2C614F572688A2A30070EEC6;
					};
					2C614F6C2688A2A30070EEC6 = {
						CreatedOnToolsVersion = 13.0;
						TestTargetID = 2C614F5D2688A2A30070EEC6;
					};
				};
			};
			buildConfigurationList = 2C614F4C2688A2A10070EEC6 /* Build configuration list for PBXProject "MetricsViewer" */;
			compatibilityVersion = "Xcode 13.0";
			developmentRegion = en;
			hasScannedForEncodings = 0;
			knownRegions = (
				en,
				Base,
			);
			mainGroup = 2C614F482688A2A10070EEC6;
			packageReferences = (
				2C99BBDC2688AE2700B30AFC /* XCRemoteSwiftPackageReference "ShrimpExtensions" */,
				603CA8052689A2EC003A5C42 /* XCRemoteSwiftPackageReference "XiphiasNet" */,
				607794FA268DA415004A0D8A /* XCRemoteSwiftPackageReference "SalmonUI" */,
				2CD03E06269098D400A66E75 /* XCRemoteSwiftPackageReference "ConsoleSwift" */,
				609D67CC2694DD9700BB3B53 /* XCRemoteSwiftPackageReference "PersistanceManager" */,
			);
			productRefGroup = 2C614F592688A2A30070EEC6 /* Products */;
			projectDirPath = "";
			projectRoot = "";
			targets = (
				2C614F572688A2A30070EEC6 /* MetricsViewer (iOS) */,
				2C614F5D2688A2A30070EEC6 /* MetricsViewer (macOS) */,
				2C614F622688A2A30070EEC6 /* Tests iOS */,
				2C614F6C2688A2A30070EEC6 /* Tests macOS */,
			);
		};
/* End PBXProject section */

/* Begin PBXResourcesBuildPhase section */
		2C614F562688A2A30070EEC6 /* Resources */ = {
			isa = PBXResourcesBuildPhase;
			buildActionMask = 2147483647;
			files = (
				2C614F7B2688A2A30070EEC6 /* Assets.xcassets in Resources */,
			);
			runOnlyForDeploymentPostprocessing = 0;
		};
		2C614F5C2688A2A30070EEC6 /* Resources */ = {
			isa = PBXResourcesBuildPhase;
			buildActionMask = 2147483647;
			files = (
				2C614F7C2688A2A30070EEC6 /* Assets.xcassets in Resources */,
			);
			runOnlyForDeploymentPostprocessing = 0;
		};
		2C614F612688A2A30070EEC6 /* Resources */ = {
			isa = PBXResourcesBuildPhase;
			buildActionMask = 2147483647;
			files = (
			);
			runOnlyForDeploymentPostprocessing = 0;
		};
		2C614F6B2688A2A30070EEC6 /* Resources */ = {
			isa = PBXResourcesBuildPhase;
			buildActionMask = 2147483647;
			files = (
			);
			runOnlyForDeploymentPostprocessing = 0;
		};
/* End PBXResourcesBuildPhase section */

/* Begin PBXShellScriptBuildPhase section */
		2C614F922688A7400070EEC6 /* Pre Compile */ = {
			isa = PBXShellScriptBuildPhase;
			buildActionMask = 2147483647;
			files = (
			);
			inputFileListPaths = (
			);
			inputPaths = (
			);
			name = "Pre Compile";
			outputFileListPaths = (
			);
			outputPaths = (
			);
			runOnlyForDeploymentPostprocessing = 0;
			shellPath = /bin/sh;
			shellScript = "\nsh Scripts/pre_compile.sh\n";
		};
		2C614F932688A7630070EEC6 /* Pre Compile */ = {
			isa = PBXShellScriptBuildPhase;
			buildActionMask = 2147483647;
			files = (
			);
			inputFileListPaths = (
			);
			inputPaths = (
			);
			name = "Pre Compile";
			outputFileListPaths = (
			);
			outputPaths = (
			);
			runOnlyForDeploymentPostprocessing = 0;
			shellPath = /bin/sh;
			shellScript = "\nsh Scripts/pre_compile.sh\n";
		};
/* End PBXShellScriptBuildPhase section */

/* Begin PBXSourcesBuildPhase section */
		2C614F542688A2A30070EEC6 /* Sources */ = {
			isa = PBXSourcesBuildPhase;
			buildActionMask = 2147483647;
			files = (
				6017D2EB26A9CEA70027523E /* AppValidator.swift in Sources */,
				2C32E66A2688FE8C00DC34AF /* NetworkController.swift in Sources */,
				607B12222696D51400CDE5CA /* String+extensions.swift in Sources */,
				2C0D2A1C26A9E6D0001E80EC /* AppDetailsScreen+EditViewModel.swift in Sources */,
				2CD03E0D26909B7300A66E75 /* AlertMessage.swift in Sources */,
				2C1BCA83269A12C3001EDE66 /* Date+extensions.swift in Sources */,
				2C5B938A26A4B01900DBC19B /* AppDetailsMetrics.swift in Sources */,
				2C2B709B26977B77008171F2 /* Color+extensions.swift in Sources */,
				2C32E6702689033E00DC34AF /* HomeScreen+ViewModel.swift in Sources */,
				2C32E6672688FE5400DC34AF /* NetworkCache.swift in Sources */,
				60BFEF7A2694387800CC2C54 /* CoreApp+CoreDataProperties.swift in Sources */,
				2C5B938D26A4B05900DBC19B /* LaunchMetricsSection.swift in Sources */,
				60BFEF782694387800CC2C54 /* CoreApp+CoreDataClass.swift in Sources */,
				60D77CDF269CA1D60079188A /* SidebarScreenModel.swift in Sources */,
				2C2B709F26977DE5008171F2 /* MetricsGridCellRenderable.swift in Sources */,
				60F8F1C12695884B0073E33E /* CoreAppManager.swift in Sources */,
				2C2CD71C2699F6F40050D466 /* GraphWidget.swift in Sources */,
				607B121F2696CF7100CDE5CA /* CoreAppButtonView.swift in Sources */,
				2C7E3ECF26A30AE000F5F571 /* CoreHost+extensions.swift in Sources */,
				60A8D5EE269760AE00AE74D4 /* GridHeaderView.swift in Sources */,
				2C614F792688A2A30070EEC6 /* Persistence.swift in Sources */,
				60A8D5F12697613E00AE74D4 /* MetricsGridView.swift in Sources */,
				2CF5A7E62697941C00A812C7 /* AppDetailsScreen.swift in Sources */,
				2C7E3ECC26A30A3B00F5F571 /* CoreHost+CoreDataProperties.swift in Sources */,
				2C6B676626A36CBE00A9B4D6 /* AddHostSheet.swift in Sources */,
				2C614F9C2688A9980070EEC6 /* HomeScreen.swift in Sources */,
				609971E426A9486D00D3E306 /* CoreHostManager.swift in Sources */,
				609D67CA2694DB7400BB3B53 /* CoreApp+extensions.swift in Sources */,
				2C298CF5269082CF00993C91 /* Constants.swift in Sources */,
				2C7E3ECA26A30A3B00F5F571 /* CoreHost+CoreDataClass.swift in Sources */,
				2C298CF9269083FD00993C91 /* DispatchQueue+extensions.swift in Sources */,
				2C1BCA89269A2E06001EDE66 /* DataItemResponse+extensions.swift in Sources */,
				60A26423268AF7EA001FAF8B /* AddAppScreen.swift in Sources */,
				2C614FA02688AA3F0070EEC6 /* AppSidebar.swift in Sources */,
				2C12415A26A8BD4E0044C163 /* ModifyApp.swift in Sources */,
				2C614F752688A2A30070EEC6 /* MetricsViewerApp.swift in Sources */,
				2C6B676C26A37E6300A9B4D6 /* AlertMessageError.swift in Sources */,
				60A26427268AF82D001FAF8B /* NamiNavigator.swift in Sources */,
				2C614F772688A2A30070EEC6 /* ContentView.swift in Sources */,
				2CD03DFF26908FBB00A66E75 /* AddAppScreen+ViewModel.swift in Sources */,
				2C7A47B22699E6B100E21011 /* AppDetailsScreen+ViewModel.swift in Sources */,
				2C1BCA8C269A2E30001EDE66 /* MetricsData.swift in Sources */,
				2CF82C1D26A21FFD00EF4FEB /* Dictionary+extensions.swift in Sources */,
				2C614F962688A81D0070EEC6 /* MetricsViewer.xcdatamodeld in Sources */,
				6005D3CF26A94F270008E681 /* ModifyApp+ViewModel.swift in Sources */,
				2C1BCA86269A176A001EDE66 /* handledAlert.swift in Sources */,
				2C7E3ED226A314F500F5F571 /* Array+extensions.swift in Sources */,
				2C6B676926A36D0500A9B4D6 /* ServiceHostPicker.swift in Sources */,
			);
			runOnlyForDeploymentPostprocessing = 0;
		};
		2C614F5A2688A2A30070EEC6 /* Sources */ = {
			isa = PBXSourcesBuildPhase;
			buildActionMask = 2147483647;
			files = (
				6017D2EC26A9CEA70027523E /* AppValidator.swift in Sources */,
				2C32E66B2688FE8C00DC34AF /* NetworkController.swift in Sources */,
				607B12232696D51400CDE5CA /* String+extensions.swift in Sources */,
				2C0D2A1D26A9E6D0001E80EC /* AppDetailsScreen+EditViewModel.swift in Sources */,
				2CD03E0E26909B7300A66E75 /* AlertMessage.swift in Sources */,
				2C1BCA84269A12C3001EDE66 /* Date+extensions.swift in Sources */,
				2C5B938B26A4B01900DBC19B /* AppDetailsMetrics.swift in Sources */,
				2C2B709C26977B77008171F2 /* Color+extensions.swift in Sources */,
				2C32E6712689033E00DC34AF /* HomeScreen+ViewModel.swift in Sources */,
				2C32E6682688FE5400DC34AF /* NetworkCache.swift in Sources */,
				60BFEF7B2694387800CC2C54 /* CoreApp+CoreDataProperties.swift in Sources */,
				2C5B938E26A4B05900DBC19B /* LaunchMetricsSection.swift in Sources */,
				60BFEF792694387800CC2C54 /* CoreApp+CoreDataClass.swift in Sources */,
				60D77CE0269CA1D60079188A /* SidebarScreenModel.swift in Sources */,
				2C2B70A026977DE5008171F2 /* MetricsGridCellRenderable.swift in Sources */,
				60F8F1C22695884B0073E33E /* CoreAppManager.swift in Sources */,
				2C2CD71D2699F6F40050D466 /* GraphWidget.swift in Sources */,
				607B12202696CF7100CDE5CA /* CoreAppButtonView.swift in Sources */,
				2C7E3ED026A30AE000F5F571 /* CoreHost+extensions.swift in Sources */,
				60A8D5EF269760AE00AE74D4 /* GridHeaderView.swift in Sources */,
				2C614F7A2688A2A30070EEC6 /* Persistence.swift in Sources */,
				60A8D5F22697613E00AE74D4 /* MetricsGridView.swift in Sources */,
				2CF5A7E72697941C00A812C7 /* AppDetailsScreen.swift in Sources */,
				2C7E3ECD26A30A3B00F5F571 /* CoreHost+CoreDataProperties.swift in Sources */,
				2C6B676726A36CBE00A9B4D6 /* AddHostSheet.swift in Sources */,
				2C614F9D2688A9980070EEC6 /* HomeScreen.swift in Sources */,
				609971E526A9486D00D3E306 /* CoreHostManager.swift in Sources */,
				609D67CB2694DB7400BB3B53 /* CoreApp+extensions.swift in Sources */,
				2C298CF6269082CF00993C91 /* Constants.swift in Sources */,
				2C7E3ECB26A30A3B00F5F571 /* CoreHost+CoreDataClass.swift in Sources */,
				2C298CFA269083FD00993C91 /* DispatchQueue+extensions.swift in Sources */,
				2C1BCA8A269A2E06001EDE66 /* DataItemResponse+extensions.swift in Sources */,
				60A26424268AF7EA001FAF8B /* AddAppScreen.swift in Sources */,
				2C614FA12688AA3F0070EEC6 /* AppSidebar.swift in Sources */,
				2C12415B26A8BD4E0044C163 /* ModifyApp.swift in Sources */,
				2C614F762688A2A30070EEC6 /* MetricsViewerApp.swift in Sources */,
				2C6B676D26A37E6300A9B4D6 /* AlertMessageError.swift in Sources */,
				60A26428268AF82D001FAF8B /* NamiNavigator.swift in Sources */,
				2C614F782688A2A30070EEC6 /* ContentView.swift in Sources */,
				2CD03E0026908FBB00A66E75 /* AddAppScreen+ViewModel.swift in Sources */,
				2C7A47B32699E6B100E21011 /* AppDetailsScreen+ViewModel.swift in Sources */,
				2C1BCA8D269A2E30001EDE66 /* MetricsData.swift in Sources */,
				2CF82C1E26A21FFD00EF4FEB /* Dictionary+extensions.swift in Sources */,
				2C614F972688A81D0070EEC6 /* MetricsViewer.xcdatamodeld in Sources */,
				6005D3D026A94F270008E681 /* ModifyApp+ViewModel.swift in Sources */,
				2C1BCA87269A176A001EDE66 /* handledAlert.swift in Sources */,
				2C7E3ED326A314F500F5F571 /* Array+extensions.swift in Sources */,
				2C6B676A26A36D0500A9B4D6 /* ServiceHostPicker.swift in Sources */,
			);
			runOnlyForDeploymentPostprocessing = 0;
		};
		2C614F5F2688A2A30070EEC6 /* Sources */ = {
			isa = PBXSourcesBuildPhase;
			buildActionMask = 2147483647;
			files = (
				2C614F682688A2A30070EEC6 /* Tests_iOS.swift in Sources */,
			);
			runOnlyForDeploymentPostprocessing = 0;
		};
		2C614F692688A2A30070EEC6 /* Sources */ = {
			isa = PBXSourcesBuildPhase;
			buildActionMask = 2147483647;
			files = (
				2C614F722688A2A30070EEC6 /* Tests_macOS.swift in Sources */,
			);
			runOnlyForDeploymentPostprocessing = 0;
		};
/* End PBXSourcesBuildPhase section */

/* Begin PBXTargetDependency section */
		2C614F652688A2A30070EEC6 /* PBXTargetDependency */ = {
			isa = PBXTargetDependency;
			target = 2C614F572688A2A30070EEC6 /* MetricsViewer (iOS) */;
			targetProxy = 2C614F642688A2A30070EEC6 /* PBXContainerItemProxy */;
		};
		2C614F6F2688A2A30070EEC6 /* PBXTargetDependency */ = {
			isa = PBXTargetDependency;
			target = 2C614F5D2688A2A30070EEC6 /* MetricsViewer (macOS) */;
			targetProxy = 2C614F6E2688A2A30070EEC6 /* PBXContainerItemProxy */;
		};
/* End PBXTargetDependency section */

/* Begin XCBuildConfiguration section */
		2C614F7D2688A2A30070EEC6 /* Debug */ = {
			isa = XCBuildConfiguration;
			buildSettings = {
				ALWAYS_SEARCH_USER_PATHS = NO;
				CLANG_ANALYZER_NONNULL = YES;
				CLANG_ANALYZER_NUMBER_OBJECT_CONVERSION = YES_AGGRESSIVE;
				CLANG_CXX_LANGUAGE_STANDARD = "gnu++14";
				CLANG_CXX_LIBRARY = "libc++";
				CLANG_ENABLE_MODULES = YES;
				CLANG_ENABLE_OBJC_ARC = YES;
				CLANG_ENABLE_OBJC_WEAK = YES;
				CLANG_WARN_BLOCK_CAPTURE_AUTORELEASING = YES;
				CLANG_WARN_BOOL_CONVERSION = YES;
				CLANG_WARN_COMMA = YES;
				CLANG_WARN_CONSTANT_CONVERSION = YES;
				CLANG_WARN_DEPRECATED_OBJC_IMPLEMENTATIONS = YES;
				CLANG_WARN_DIRECT_OBJC_ISA_USAGE = YES_ERROR;
				CLANG_WARN_DOCUMENTATION_COMMENTS = YES;
				CLANG_WARN_EMPTY_BODY = YES;
				CLANG_WARN_ENUM_CONVERSION = YES;
				CLANG_WARN_INFINITE_RECURSION = YES;
				CLANG_WARN_INT_CONVERSION = YES;
				CLANG_WARN_NON_LITERAL_NULL_CONVERSION = YES;
				CLANG_WARN_OBJC_IMPLICIT_RETAIN_SELF = YES;
				CLANG_WARN_OBJC_LITERAL_CONVERSION = YES;
				CLANG_WARN_OBJC_ROOT_CLASS = YES_ERROR;
				CLANG_WARN_QUOTED_INCLUDE_IN_FRAMEWORK_HEADER = YES;
				CLANG_WARN_RANGE_LOOP_ANALYSIS = YES;
				CLANG_WARN_STRICT_PROTOTYPES = YES;
				CLANG_WARN_SUSPICIOUS_MOVE = YES;
				CLANG_WARN_UNGUARDED_AVAILABILITY = YES_AGGRESSIVE;
				CLANG_WARN_UNREACHABLE_CODE = YES;
				CLANG_WARN__DUPLICATE_METHOD_MATCH = YES;
				COPY_PHASE_STRIP = NO;
				DEBUG_INFORMATION_FORMAT = dwarf;
				ENABLE_STRICT_OBJC_MSGSEND = YES;
				ENABLE_TESTABILITY = YES;
				GCC_C_LANGUAGE_STANDARD = gnu11;
				GCC_DYNAMIC_NO_PIC = NO;
				GCC_NO_COMMON_BLOCKS = YES;
				GCC_OPTIMIZATION_LEVEL = 0;
				GCC_PREPROCESSOR_DEFINITIONS = (
					"DEBUG=1",
					"$(inherited)",
				);
				GCC_WARN_64_TO_32_BIT_CONVERSION = YES;
				GCC_WARN_ABOUT_RETURN_TYPE = YES_ERROR;
				GCC_WARN_UNDECLARED_SELECTOR = YES;
				GCC_WARN_UNINITIALIZED_AUTOS = YES_AGGRESSIVE;
				GCC_WARN_UNUSED_FUNCTION = YES;
				GCC_WARN_UNUSED_VARIABLE = YES;
				MTL_ENABLE_DEBUG_INFO = INCLUDE_SOURCE;
				MTL_FAST_MATH = YES;
				ONLY_ACTIVE_ARCH = YES;
				SWIFT_ACTIVE_COMPILATION_CONDITIONS = DEBUG;
				SWIFT_OPTIMIZATION_LEVEL = "-Onone";
			};
			name = Debug;
		};
		2C614F7E2688A2A30070EEC6 /* Release */ = {
			isa = XCBuildConfiguration;
			buildSettings = {
				ALWAYS_SEARCH_USER_PATHS = NO;
				CLANG_ANALYZER_NONNULL = YES;
				CLANG_ANALYZER_NUMBER_OBJECT_CONVERSION = YES_AGGRESSIVE;
				CLANG_CXX_LANGUAGE_STANDARD = "gnu++14";
				CLANG_CXX_LIBRARY = "libc++";
				CLANG_ENABLE_MODULES = YES;
				CLANG_ENABLE_OBJC_ARC = YES;
				CLANG_ENABLE_OBJC_WEAK = YES;
				CLANG_WARN_BLOCK_CAPTURE_AUTORELEASING = YES;
				CLANG_WARN_BOOL_CONVERSION = YES;
				CLANG_WARN_COMMA = YES;
				CLANG_WARN_CONSTANT_CONVERSION = YES;
				CLANG_WARN_DEPRECATED_OBJC_IMPLEMENTATIONS = YES;
				CLANG_WARN_DIRECT_OBJC_ISA_USAGE = YES_ERROR;
				CLANG_WARN_DOCUMENTATION_COMMENTS = YES;
				CLANG_WARN_EMPTY_BODY = YES;
				CLANG_WARN_ENUM_CONVERSION = YES;
				CLANG_WARN_INFINITE_RECURSION = YES;
				CLANG_WARN_INT_CONVERSION = YES;
				CLANG_WARN_NON_LITERAL_NULL_CONVERSION = YES;
				CLANG_WARN_OBJC_IMPLICIT_RETAIN_SELF = YES;
				CLANG_WARN_OBJC_LITERAL_CONVERSION = YES;
				CLANG_WARN_OBJC_ROOT_CLASS = YES_ERROR;
				CLANG_WARN_QUOTED_INCLUDE_IN_FRAMEWORK_HEADER = YES;
				CLANG_WARN_RANGE_LOOP_ANALYSIS = YES;
				CLANG_WARN_STRICT_PROTOTYPES = YES;
				CLANG_WARN_SUSPICIOUS_MOVE = YES;
				CLANG_WARN_UNGUARDED_AVAILABILITY = YES_AGGRESSIVE;
				CLANG_WARN_UNREACHABLE_CODE = YES;
				CLANG_WARN__DUPLICATE_METHOD_MATCH = YES;
				COPY_PHASE_STRIP = NO;
				DEBUG_INFORMATION_FORMAT = "dwarf-with-dsym";
				ENABLE_NS_ASSERTIONS = NO;
				ENABLE_STRICT_OBJC_MSGSEND = YES;
				GCC_C_LANGUAGE_STANDARD = gnu11;
				GCC_NO_COMMON_BLOCKS = YES;
				GCC_WARN_64_TO_32_BIT_CONVERSION = YES;
				GCC_WARN_ABOUT_RETURN_TYPE = YES_ERROR;
				GCC_WARN_UNDECLARED_SELECTOR = YES;
				GCC_WARN_UNINITIALIZED_AUTOS = YES_AGGRESSIVE;
				GCC_WARN_UNUSED_FUNCTION = YES;
				GCC_WARN_UNUSED_VARIABLE = YES;
				MTL_ENABLE_DEBUG_INFO = NO;
				MTL_FAST_MATH = YES;
				SWIFT_COMPILATION_MODE = wholemodule;
				SWIFT_OPTIMIZATION_LEVEL = "-O";
			};
			name = Release;
		};
		2C614F802688A2A30070EEC6 /* Debug */ = {
			isa = XCBuildConfiguration;
			buildSettings = {
				ASSETCATALOG_COMPILER_APPICON_NAME = AppIcon;
				ASSETCATALOG_COMPILER_GLOBAL_ACCENT_COLOR_NAME = AccentColor;
				CODE_SIGN_STYLE = Automatic;
				CURRENT_PROJECT_VERSION = 1;
				DEVELOPMENT_TEAM = DXUKH9VF73;
				ENABLE_PREVIEWS = YES;
				GENERATE_INFOPLIST_FILE = YES;
				INFOPLIST_FILE = Targets/iOS/Info.plist;
				INFOPLIST_KEY_CFBundleExecutable = MetricsViewer;
				INFOPLIST_KEY_CFBundleName = MetricsViewer;
				INFOPLIST_KEY_CFBundleVersion = 1;
				INFOPLIST_KEY_UIApplicationSceneManifest_Generation = YES;
				INFOPLIST_KEY_UIApplicationSupportsIndirectInputEvents = YES;
				INFOPLIST_KEY_UILaunchScreen_Generation = YES;
				INFOPLIST_KEY_UISupportedInterfaceOrientations_iPad = "UIInterfaceOrientationPortrait UIInterfaceOrientationPortraitUpsideDown UIInterfaceOrientationLandscapeLeft UIInterfaceOrientationLandscapeRight";
				INFOPLIST_KEY_UISupportedInterfaceOrientations_iPhone = "UIInterfaceOrientationPortrait UIInterfaceOrientationLandscapeLeft UIInterfaceOrientationLandscapeRight";
				IPHONEOS_DEPLOYMENT_TARGET = 14.0;
				LD_RUNPATH_SEARCH_PATHS = (
					"$(inherited)",
					"@executable_path/Frameworks",
				);
				MARKETING_VERSION = 1.0;
				PRODUCT_BUNDLE_IDENTIFIER = io.kamaal.MetricsViewer;
				PRODUCT_NAME = MetricsViewer;
				SDKROOT = iphoneos;
				SWIFT_EMIT_LOC_STRINGS = YES;
				SWIFT_VERSION = 5.0;
				TARGETED_DEVICE_FAMILY = "1,2";
			};
			name = Debug;
		};
		2C614F812688A2A30070EEC6 /* Release */ = {
			isa = XCBuildConfiguration;
			buildSettings = {
				ASSETCATALOG_COMPILER_APPICON_NAME = AppIcon;
				ASSETCATALOG_COMPILER_GLOBAL_ACCENT_COLOR_NAME = AccentColor;
				CODE_SIGN_STYLE = Automatic;
				CURRENT_PROJECT_VERSION = 1;
				DEVELOPMENT_TEAM = DXUKH9VF73;
				ENABLE_PREVIEWS = YES;
				GENERATE_INFOPLIST_FILE = YES;
				INFOPLIST_FILE = Targets/iOS/Info.plist;
				INFOPLIST_KEY_CFBundleExecutable = MetricsViewer;
				INFOPLIST_KEY_CFBundleName = MetricsViewer;
				INFOPLIST_KEY_CFBundleVersion = 1;
				INFOPLIST_KEY_UIApplicationSceneManifest_Generation = YES;
				INFOPLIST_KEY_UIApplicationSupportsIndirectInputEvents = YES;
				INFOPLIST_KEY_UILaunchScreen_Generation = YES;
				INFOPLIST_KEY_UISupportedInterfaceOrientations_iPad = "UIInterfaceOrientationPortrait UIInterfaceOrientationPortraitUpsideDown UIInterfaceOrientationLandscapeLeft UIInterfaceOrientationLandscapeRight";
				INFOPLIST_KEY_UISupportedInterfaceOrientations_iPhone = "UIInterfaceOrientationPortrait UIInterfaceOrientationLandscapeLeft UIInterfaceOrientationLandscapeRight";
				IPHONEOS_DEPLOYMENT_TARGET = 14.0;
				LD_RUNPATH_SEARCH_PATHS = (
					"$(inherited)",
					"@executable_path/Frameworks",
				);
				MARKETING_VERSION = 1.0;
				PRODUCT_BUNDLE_IDENTIFIER = io.kamaal.MetricsViewer;
				PRODUCT_NAME = MetricsViewer;
				SDKROOT = iphoneos;
				SWIFT_EMIT_LOC_STRINGS = YES;
				SWIFT_VERSION = 5.0;
				TARGETED_DEVICE_FAMILY = "1,2";
				VALIDATE_PRODUCT = YES;
			};
			name = Release;
		};
		2C614F832688A2A30070EEC6 /* Debug */ = {
			isa = XCBuildConfiguration;
			buildSettings = {
				ASSETCATALOG_COMPILER_APPICON_NAME = AppIcon;
				ASSETCATALOG_COMPILER_GLOBAL_ACCENT_COLOR_NAME = AccentColor;
				CODE_SIGN_ENTITLEMENTS = Targets/macOS/MetricsViewer.entitlements;
				CODE_SIGN_STYLE = Automatic;
				COMBINE_HIDPI_IMAGES = YES;
				CURRENT_PROJECT_VERSION = 1;
				DEVELOPMENT_TEAM = DXUKH9VF73;
				ENABLE_APP_SANDBOX = YES;
				ENABLE_HARDENED_RUNTIME = YES;
				ENABLE_PREVIEWS = YES;
				ENABLE_USER_SELECTED_FILES = readonly;
				GENERATE_INFOPLIST_FILE = YES;
				INFOPLIST_FILE = Targets/macOS/Info.plist;
				INFOPLIST_KEY_CFBundleExecutable = MetricsViewer;
				INFOPLIST_KEY_CFBundleName = MetricsViewer;
				INFOPLIST_KEY_CFBundleVersion = 1;
				INFOPLIST_KEY_NSHumanReadableCopyright = "";
				LD_RUNPATH_SEARCH_PATHS = (
					"$(inherited)",
					"@executable_path/../Frameworks",
				);
				MACOSX_DEPLOYMENT_TARGET = 11.0;
				MARKETING_VERSION = 1.0;
				PRODUCT_BUNDLE_IDENTIFIER = io.kamaal.MetricsViewer;
				PRODUCT_NAME = MetricsViewer;
				SDKROOT = macosx;
				SWIFT_EMIT_LOC_STRINGS = YES;
				SWIFT_VERSION = 5.0;
			};
			name = Debug;
		};
		2C614F842688A2A30070EEC6 /* Release */ = {
			isa = XCBuildConfiguration;
			buildSettings = {
				ASSETCATALOG_COMPILER_APPICON_NAME = AppIcon;
				ASSETCATALOG_COMPILER_GLOBAL_ACCENT_COLOR_NAME = AccentColor;
				CODE_SIGN_ENTITLEMENTS = Targets/macOS/MetricsViewer.entitlements;
				CODE_SIGN_STYLE = Automatic;
				COMBINE_HIDPI_IMAGES = YES;
				CURRENT_PROJECT_VERSION = 1;
				DEVELOPMENT_TEAM = DXUKH9VF73;
				ENABLE_APP_SANDBOX = YES;
				ENABLE_HARDENED_RUNTIME = YES;
				ENABLE_PREVIEWS = YES;
				ENABLE_USER_SELECTED_FILES = readonly;
				GENERATE_INFOPLIST_FILE = YES;
				INFOPLIST_FILE = Targets/macOS/Info.plist;
				INFOPLIST_KEY_CFBundleExecutable = MetricsViewer;
				INFOPLIST_KEY_CFBundleName = MetricsViewer;
				INFOPLIST_KEY_CFBundleVersion = 1;
				INFOPLIST_KEY_NSHumanReadableCopyright = "";
				LD_RUNPATH_SEARCH_PATHS = (
					"$(inherited)",
					"@executable_path/../Frameworks",
				);
				MACOSX_DEPLOYMENT_TARGET = 11.0;
				MARKETING_VERSION = 1.0;
				PRODUCT_BUNDLE_IDENTIFIER = io.kamaal.MetricsViewer;
				PRODUCT_NAME = MetricsViewer;
				SDKROOT = macosx;
				SWIFT_EMIT_LOC_STRINGS = YES;
				SWIFT_VERSION = 5.0;
			};
			name = Release;
		};
		2C614F862688A2A30070EEC6 /* Debug */ = {
			isa = XCBuildConfiguration;
			buildSettings = {
				ALWAYS_EMBED_SWIFT_STANDARD_LIBRARIES = YES;
				CODE_SIGN_STYLE = Automatic;
				CURRENT_PROJECT_VERSION = 1;
				DEVELOPMENT_TEAM = DXUKH9VF73;
				GENERATE_INFOPLIST_FILE = YES;
				IPHONEOS_DEPLOYMENT_TARGET = 15.0;
				LD_RUNPATH_SEARCH_PATHS = (
					"$(inherited)",
					"@executable_path/Frameworks",
					"@loader_path/Frameworks",
				);
				MARKETING_VERSION = 1.0;
				PRODUCT_BUNDLE_IDENTIFIER = "io.kamaal.Tests-iOS";
				PRODUCT_NAME = "$(TARGET_NAME)";
				SDKROOT = iphoneos;
				SWIFT_EMIT_LOC_STRINGS = NO;
				SWIFT_VERSION = 5.0;
				TARGETED_DEVICE_FAMILY = "1,2";
				TEST_TARGET_NAME = "MetricsViewer (iOS)";
			};
			name = Debug;
		};
		2C614F872688A2A30070EEC6 /* Release */ = {
			isa = XCBuildConfiguration;
			buildSettings = {
				ALWAYS_EMBED_SWIFT_STANDARD_LIBRARIES = YES;
				CODE_SIGN_STYLE = Automatic;
				CURRENT_PROJECT_VERSION = 1;
				DEVELOPMENT_TEAM = DXUKH9VF73;
				GENERATE_INFOPLIST_FILE = YES;
				IPHONEOS_DEPLOYMENT_TARGET = 15.0;
				LD_RUNPATH_SEARCH_PATHS = (
					"$(inherited)",
					"@executable_path/Frameworks",
					"@loader_path/Frameworks",
				);
				MARKETING_VERSION = 1.0;
				PRODUCT_BUNDLE_IDENTIFIER = "io.kamaal.Tests-iOS";
				PRODUCT_NAME = "$(TARGET_NAME)";
				SDKROOT = iphoneos;
				SWIFT_EMIT_LOC_STRINGS = NO;
				SWIFT_VERSION = 5.0;
				TARGETED_DEVICE_FAMILY = "1,2";
				TEST_TARGET_NAME = "MetricsViewer (iOS)";
				VALIDATE_PRODUCT = YES;
			};
			name = Release;
		};
		2C614F892688A2A30070EEC6 /* Debug */ = {
			isa = XCBuildConfiguration;
			buildSettings = {
				ALWAYS_EMBED_SWIFT_STANDARD_LIBRARIES = YES;
				CODE_SIGN_STYLE = Automatic;
				COMBINE_HIDPI_IMAGES = YES;
				CURRENT_PROJECT_VERSION = 1;
				DEVELOPMENT_TEAM = DXUKH9VF73;
				GENERATE_INFOPLIST_FILE = YES;
				LD_RUNPATH_SEARCH_PATHS = (
					"$(inherited)",
					"@executable_path/../Frameworks",
					"@loader_path/../Frameworks",
				);
				MACOSX_DEPLOYMENT_TARGET = 12.0;
				MARKETING_VERSION = 1.0;
				PRODUCT_BUNDLE_IDENTIFIER = "io.kamaal.Tests-macOS";
				PRODUCT_NAME = "$(TARGET_NAME)";
				SDKROOT = macosx;
				SWIFT_EMIT_LOC_STRINGS = NO;
				SWIFT_VERSION = 5.0;
				TEST_TARGET_NAME = "MetricsViewer (macOS)";
			};
			name = Debug;
		};
		2C614F8A2688A2A30070EEC6 /* Release */ = {
			isa = XCBuildConfiguration;
			buildSettings = {
				ALWAYS_EMBED_SWIFT_STANDARD_LIBRARIES = YES;
				CODE_SIGN_STYLE = Automatic;
				COMBINE_HIDPI_IMAGES = YES;
				CURRENT_PROJECT_VERSION = 1;
				DEVELOPMENT_TEAM = DXUKH9VF73;
				GENERATE_INFOPLIST_FILE = YES;
				LD_RUNPATH_SEARCH_PATHS = (
					"$(inherited)",
					"@executable_path/../Frameworks",
					"@loader_path/../Frameworks",
				);
				MACOSX_DEPLOYMENT_TARGET = 12.0;
				MARKETING_VERSION = 1.0;
				PRODUCT_BUNDLE_IDENTIFIER = "io.kamaal.Tests-macOS";
				PRODUCT_NAME = "$(TARGET_NAME)";
				SDKROOT = macosx;
				SWIFT_EMIT_LOC_STRINGS = NO;
				SWIFT_VERSION = 5.0;
				TEST_TARGET_NAME = "MetricsViewer (macOS)";
			};
			name = Release;
		};
/* End XCBuildConfiguration section */

/* Begin XCConfigurationList section */
		2C614F4C2688A2A10070EEC6 /* Build configuration list for PBXProject "MetricsViewer" */ = {
			isa = XCConfigurationList;
			buildConfigurations = (
				2C614F7D2688A2A30070EEC6 /* Debug */,
				2C614F7E2688A2A30070EEC6 /* Release */,
			);
			defaultConfigurationIsVisible = 0;
			defaultConfigurationName = Release;
		};
		2C614F7F2688A2A30070EEC6 /* Build configuration list for PBXNativeTarget "MetricsViewer (iOS)" */ = {
			isa = XCConfigurationList;
			buildConfigurations = (
				2C614F802688A2A30070EEC6 /* Debug */,
				2C614F812688A2A30070EEC6 /* Release */,
			);
			defaultConfigurationIsVisible = 0;
			defaultConfigurationName = Release;
		};
		2C614F822688A2A30070EEC6 /* Build configuration list for PBXNativeTarget "MetricsViewer (macOS)" */ = {
			isa = XCConfigurationList;
			buildConfigurations = (
				2C614F832688A2A30070EEC6 /* Debug */,
				2C614F842688A2A30070EEC6 /* Release */,
			);
			defaultConfigurationIsVisible = 0;
			defaultConfigurationName = Release;
		};
		2C614F852688A2A30070EEC6 /* Build configuration list for PBXNativeTarget "Tests iOS" */ = {
			isa = XCConfigurationList;
			buildConfigurations = (
				2C614F862688A2A30070EEC6 /* Debug */,
				2C614F872688A2A30070EEC6 /* Release */,
			);
			defaultConfigurationIsVisible = 0;
			defaultConfigurationName = Release;
		};
		2C614F882688A2A30070EEC6 /* Build configuration list for PBXNativeTarget "Tests macOS" */ = {
			isa = XCConfigurationList;
			buildConfigurations = (
				2C614F892688A2A30070EEC6 /* Debug */,
				2C614F8A2688A2A30070EEC6 /* Release */,
			);
			defaultConfigurationIsVisible = 0;
			defaultConfigurationName = Release;
		};
/* End XCConfigurationList section */

/* Begin XCRemoteSwiftPackageReference section */
		2C99BBDC2688AE2700B30AFC /* XCRemoteSwiftPackageReference "ShrimpExtensions" */ = {
			isa = XCRemoteSwiftPackageReference;
			repositoryURL = "https://github.com/kamaal111/ShrimpExtensions.git";
			requirement = {
				kind = upToNextMajorVersion;
				minimumVersion = 2.1.0;
			};
		};
		2CD03E06269098D400A66E75 /* XCRemoteSwiftPackageReference "ConsoleSwift" */ = {
			isa = XCRemoteSwiftPackageReference;
			repositoryURL = "https://github.com/kamaal111/ConsoleSwift.git";
			requirement = {
				kind = upToNextMajorVersion;
				minimumVersion = 2.0.0;
			};
		};
		603CA8052689A2EC003A5C42 /* XCRemoteSwiftPackageReference "XiphiasNet" */ = {
			isa = XCRemoteSwiftPackageReference;
			repositoryURL = "https://github.com/kamaal111/XiphiasNet.git";
			requirement = {
				kind = upToNextMajorVersion;
				minimumVersion = 5.0.0;
			};
		};
		607794FA268DA415004A0D8A /* XCRemoteSwiftPackageReference "SalmonUI" */ = {
			isa = XCRemoteSwiftPackageReference;
			repositoryURL = "https://github.com/kamaal111/SalmonUI.git";
			requirement = {
				kind = upToNextMajorVersion;
				minimumVersion = 4.1.0;
			};
		};
		609D67CC2694DD9700BB3B53 /* XCRemoteSwiftPackageReference "PersistanceManager" */ = {
			isa = XCRemoteSwiftPackageReference;
			repositoryURL = "https://github.com/kamaal111/PersistanceManager.git";
			requirement = {
				kind = upToNextMajorVersion;
				minimumVersion = 2.0.0;
			};
		};
/* End XCRemoteSwiftPackageReference section */

/* Begin XCSwiftPackageProductDependency section */
		2C99BBD82688ACD300B30AFC /* MetricsNetworker */ = {
			isa = XCSwiftPackageProductDependency;
			productName = MetricsNetworker;
		};
		2C99BBDA2688ACDB00B30AFC /* MetricsNetworker */ = {
			isa = XCSwiftPackageProductDependency;
			productName = MetricsNetworker;
		};
		2C99BBDD2688AE2700B30AFC /* ShrimpExtensions */ = {
			isa = XCSwiftPackageProductDependency;
			package = 2C99BBDC2688AE2700B30AFC /* XCRemoteSwiftPackageReference "ShrimpExtensions" */;
			productName = ShrimpExtensions;
		};
		2C99BBDF2688AE3100B30AFC /* ShrimpExtensions */ = {
			isa = XCSwiftPackageProductDependency;
			package = 2C99BBDC2688AE2700B30AFC /* XCRemoteSwiftPackageReference "ShrimpExtensions" */;
			productName = ShrimpExtensions;
		};
		2C9C350C2690E0D4009726C8 /* MetricsLocale */ = {
			isa = XCSwiftPackageProductDependency;
			productName = MetricsLocale;
		};
		2C9C350E2690E0DC009726C8 /* MetricsLocale */ = {
			isa = XCSwiftPackageProductDependency;
			productName = MetricsLocale;
		};
		2CD03E022690948E00A66E75 /* MetricsUI */ = {
			isa = XCSwiftPackageProductDependency;
			productName = MetricsUI;
		};
		2CD03E042690949500A66E75 /* MetricsUI */ = {
			isa = XCSwiftPackageProductDependency;
			productName = MetricsUI;
		};
		2CD03E07269098D400A66E75 /* ConsoleSwift */ = {
			isa = XCSwiftPackageProductDependency;
			package = 2CD03E06269098D400A66E75 /* XCRemoteSwiftPackageReference "ConsoleSwift" */;
			productName = ConsoleSwift;
		};
		2CD03E09269098E500A66E75 /* ConsoleSwift */ = {
			isa = XCSwiftPackageProductDependency;
			package = 2CD03E06269098D400A66E75 /* XCRemoteSwiftPackageReference "ConsoleSwift" */;
			productName = ConsoleSwift;
		};
		603CA8062689A2F7003A5C42 /* XiphiasNet */ = {
			isa = XCSwiftPackageProductDependency;
			package = 603CA8052689A2EC003A5C42 /* XCRemoteSwiftPackageReference "XiphiasNet" */;
			productName = XiphiasNet;
		};
		603CA8082689A2FC003A5C42 /* XiphiasNet */ = {
			isa = XCSwiftPackageProductDependency;
			package = 603CA8052689A2EC003A5C42 /* XCRemoteSwiftPackageReference "XiphiasNet" */;
			productName = XiphiasNet;
		};
		607794FB268DA415004A0D8A /* SalmonUI */ = {
			isa = XCSwiftPackageProductDependency;
			package = 607794FA268DA415004A0D8A /* XCRemoteSwiftPackageReference "SalmonUI" */;
			productName = SalmonUI;
		};
		607794FD268DA423004A0D8A /* SalmonUI */ = {
			isa = XCSwiftPackageProductDependency;
			package = 607794FA268DA415004A0D8A /* XCRemoteSwiftPackageReference "SalmonUI" */;
			productName = SalmonUI;
		};
		609D67CD2694DD9700BB3B53 /* PersistanceManager */ = {
			isa = XCSwiftPackageProductDependency;
			package = 609D67CC2694DD9700BB3B53 /* XCRemoteSwiftPackageReference "PersistanceManager" */;
			productName = PersistanceManager;
		};
		609D67CF2694DDA100BB3B53 /* PersistanceManager */ = {
			isa = XCSwiftPackageProductDependency;
			package = 609D67CC2694DD9700BB3B53 /* XCRemoteSwiftPackageReference "PersistanceManager" */;
			productName = PersistanceManager;
		};
/* End XCSwiftPackageProductDependency section */

/* Begin XCVersionGroup section */
		2C614F942688A81D0070EEC6 /* MetricsViewer.xcdatamodeld */ = {
			isa = XCVersionGroup;
			children = (
				2C614F952688A81D0070EEC6 /* Shared.xcdatamodel */,
			);
			currentVersion = 2C614F952688A81D0070EEC6 /* Shared.xcdatamodel */;
			path = MetricsViewer.xcdatamodeld;
			sourceTree = "<group>";
			versionGroupType = wrapper.xcdatamodel;
		};
/* End XCVersionGroup section */
	};
	rootObject = 2C614F492688A2A10070EEC6 /* Project object */;
}
